// !$*UTF8*$!
{
	archiveVersion = 1;
	classes = {
	};
	objectVersion = 46;
	objects = {

/* Begin PBXBuildFile section */
		18074E3B1FFC95F30005C40D /* LCPL.swift in Sources */ = {isa = PBXBuildFile; fileRef = 18074E3A1FFC95F30005C40D /* LCPL.swift */; };
		18074E3E1FFC975A0005C40D /* LCPLEncryption.swift in Sources */ = {isa = PBXBuildFile; fileRef = 18074E3D1FFC975A0005C40D /* LCPLEncryption.swift */; };
		18074E401FFCAA4E0005C40D /* LCPLLink.swift in Sources */ = {isa = PBXBuildFile; fileRef = 18074E3F1FFCAA4E0005C40D /* LCPLLink.swift */; };
		181C80FD1FC8200000BE280B /* StoreDataBaseBookItem.swift in Sources */ = {isa = PBXBuildFile; fileRef = 181C80FC1FC8200000BE280B /* StoreDataBaseBookItem.swift */; };
		181C80FF1FC821FE00BE280B /* StoreDataBasePageItem.swift in Sources */ = {isa = PBXBuildFile; fileRef = 181C80FE1FC821FE00BE280B /* StoreDataBasePageItem.swift */; };
		183EFB351FAC2A1500C84CD5 /* DownloadEpubManager.swift in Sources */ = {isa = PBXBuildFile; fileRef = 183EFB311FAC2A1400C84CD5 /* DownloadEpubManager.swift */; };
		183EFB361FAC2A1500C84CD5 /* DonwloadEpubObserver.swift in Sources */ = {isa = PBXBuildFile; fileRef = 183EFB321FAC2A1400C84CD5 /* DonwloadEpubObserver.swift */; };
		183EFB371FAC2A1500C84CD5 /* DownloadEpubMission.swift in Sources */ = {isa = PBXBuildFile; fileRef = 183EFB331FAC2A1500C84CD5 /* DownloadEpubMission.swift */; };
		183EFB381FAC2A1500C84CD5 /* DownloadEpubOperation.swift in Sources */ = {isa = PBXBuildFile; fileRef = 183EFB341FAC2A1500C84CD5 /* DownloadEpubOperation.swift */; };
		1842E7F31FDE472F00C1C671 /* StoreDetailBook.swift in Sources */ = {isa = PBXBuildFile; fileRef = 1842E7F21FDE472F00C1C671 /* StoreDetailBook.swift */; };
		1842E7F51FDE5AB900C1C671 /* StoreBookPrice.swift in Sources */ = {isa = PBXBuildFile; fileRef = 1842E7F41FDE5AB900C1C671 /* StoreBookPrice.swift */; };
		1842E7F71FDE5D8200C1C671 /* StoreBookPages.swift in Sources */ = {isa = PBXBuildFile; fileRef = 1842E7F61FDE5D8200C1C671 /* StoreBookPages.swift */; };
		1842E7FF1FDF6F6B00C1C671 /* StoreDetailBookData.swift in Sources */ = {isa = PBXBuildFile; fileRef = 1842E7FE1FDF6F6B00C1C671 /* StoreDetailBookData.swift */; };
		1878043B1FD6A68D0087AB74 /* StoreCollectionItem.swift in Sources */ = {isa = PBXBuildFile; fileRef = 1878043A1FD6A68D0087AB74 /* StoreCollectionItem.swift */; };
		1878043D1FD6A7BB0087AB74 /* StorePagination.swift in Sources */ = {isa = PBXBuildFile; fileRef = 1878043C1FD6A7BB0087AB74 /* StorePagination.swift */; };
		187804411FD6AA1D0087AB74 /* StoreBookCoverItem.swift in Sources */ = {isa = PBXBuildFile; fileRef = 187804401FD6AA1D0087AB74 /* StoreBookCoverItem.swift */; };
		187804431FD6AA8D0087AB74 /* StoreBookRenditionItem.swift in Sources */ = {isa = PBXBuildFile; fileRef = 187804421FD6AA8D0087AB74 /* StoreBookRenditionItem.swift */; };
		187804451FD6AF6F0087AB74 /* StoreCollectionCategoryItem.swift in Sources */ = {isa = PBXBuildFile; fileRef = 187804441FD6AF6F0087AB74 /* StoreCollectionCategoryItem.swift */; };
		18A586F31F9DC2E70086799C /* MemberApi.swift in Sources */ = {isa = PBXBuildFile; fileRef = 18A586F21F9DC2E70086799C /* MemberApi.swift */; };
		18C06D3C1FE0CCD500FC211C /* StoreSearchSuggest.swift in Sources */ = {isa = PBXBuildFile; fileRef = 18C06D3B1FE0CCD500FC211C /* StoreSearchSuggest.swift */; };
		18C06D3E1FE0CDE400FC211C /* StoreSearchKeyword.swift in Sources */ = {isa = PBXBuildFile; fileRef = 18C06D3D1FE0CDE400FC211C /* StoreSearchKeyword.swift */; };
		18C06D401FE0D3BB00FC211C /* StoreSearchBook.swift in Sources */ = {isa = PBXBuildFile; fileRef = 18C06D3F1FE0D3BB00FC211C /* StoreSearchBook.swift */; };
		18C9193E1FA32C2700236B77 /* ApiProtocol.swift in Sources */ = {isa = PBXBuildFile; fileRef = 18C9193D1FA32C2700236B77 /* ApiProtocol.swift */; };
		18CB970B1FC3FF12007D5405 /* Devices.swift in Sources */ = {isa = PBXBuildFile; fileRef = 18CB970A1FC3FF12007D5405 /* Devices.swift */; };
		18CB970D1FC41072007D5405 /* StoreApi.swift in Sources */ = {isa = PBXBuildFile; fileRef = 18CB970C1FC41072007D5405 /* StoreApi.swift */; };
		18CB97621FC56220007D5405 /* StoreFooter.swift in Sources */ = {isa = PBXBuildFile; fileRef = 18CB97571FC5621F007D5405 /* StoreFooter.swift */; };
		18CB97631FC56220007D5405 /* StoreBanner.swift in Sources */ = {isa = PBXBuildFile; fileRef = 18CB97581FC5621F007D5405 /* StoreBanner.swift */; };
		18CB97641FC56220007D5405 /* StoreBaseType.swift in Sources */ = {isa = PBXBuildFile; fileRef = 18CB97591FC5621F007D5405 /* StoreBaseType.swift */; };
		18CB97651FC56220007D5405 /* StoreRank.swift in Sources */ = {isa = PBXBuildFile; fileRef = 18CB975A1FC5621F007D5405 /* StoreRank.swift */; };
		18CB97661FC56220007D5405 /* StoreDataRow.swift in Sources */ = {isa = PBXBuildFile; fileRef = 18CB975B1FC5621F007D5405 /* StoreDataRow.swift */; };
		18CB97671FC56220007D5405 /* StoreBannerSet.swift in Sources */ = {isa = PBXBuildFile; fileRef = 18CB975C1FC5621F007D5405 /* StoreBannerSet.swift */; };
		18CB97681FC56220007D5405 /* StoreDataProtocal.swift in Sources */ = {isa = PBXBuildFile; fileRef = 18CB975D1FC5621F007D5405 /* StoreDataProtocal.swift */; };
		18CB97691FC56220007D5405 /* StoreBaseItem.swift in Sources */ = {isa = PBXBuildFile; fileRef = 18CB975E1FC5621F007D5405 /* StoreBaseItem.swift */; };
		18CB976A1FC56220007D5405 /* StoreDataColumn.swift in Sources */ = {isa = PBXBuildFile; fileRef = 18CB975F1FC5621F007D5405 /* StoreDataColumn.swift */; };
		18CB976B1FC56220007D5405 /* StoreNavCircle.swift in Sources */ = {isa = PBXBuildFile; fileRef = 18CB97601FC5621F007D5405 /* StoreNavCircle.swift */; };
		18CB976C1FC56220007D5405 /* StoreNavRectangle.swift in Sources */ = {isa = PBXBuildFile; fileRef = 18CB97611FC56220007D5405 /* StoreNavRectangle.swift */; };
		18CB976E1FC5835F007D5405 /* ApiDecodable.swift in Sources */ = {isa = PBXBuildFile; fileRef = 18CB976D1FC5835F007D5405 /* ApiDecodable.swift */; };
		2D01B2851E80DBFA00583A7C /* User.swift in Sources */ = {isa = PBXBuildFile; fileRef = 2D01B2841E80DBFA00583A7C /* User.swift */; };
		2D01B2871E80DFBA00583A7C /* ImageMeta.swift in Sources */ = {isa = PBXBuildFile; fileRef = 2D01B2861E80DFBA00583A7C /* ImageMeta.swift */; };
		2D01B2921E8123B300583A7C /* Comment.swift in Sources */ = {isa = PBXBuildFile; fileRef = 2D01B2881E8123B300583A7C /* Comment.swift */; };
		2D01B2931E8123B300583A7C /* Highlight.swift in Sources */ = {isa = PBXBuildFile; fileRef = 2D01B2891E8123B300583A7C /* Highlight.swift */; };
		2D01B2941E8123B300583A7C /* Me.swift in Sources */ = {isa = PBXBuildFile; fileRef = 2D01B28A1E8123B300583A7C /* Me.swift */; };
		2D01B2981E8123B300583A7C /* ResourceIdentifierWithRole.swift in Sources */ = {isa = PBXBuildFile; fileRef = 2D01B28E1E8123B300583A7C /* ResourceIdentifierWithRole.swift */; };
		2D01B2991E8123B300583A7C /* ResourceLinks.swift in Sources */ = {isa = PBXBuildFile; fileRef = 2D01B28F1E8123B300583A7C /* ResourceLinks.swift */; };
		2D01B29A1E8123B300583A7C /* ResourceMeta.swift in Sources */ = {isa = PBXBuildFile; fileRef = 2D01B2901E8123B300583A7C /* ResourceMeta.swift */; };
		2D5C3B181EC1783C000F01C1 /* Authorization.swift in Sources */ = {isa = PBXBuildFile; fileRef = 2D5C3B171EC1783C000F01C1 /* Authorization.swift */; };
		2DD0B28A1E825AD10053B8F5 /* Range.swift in Sources */ = {isa = PBXBuildFile; fileRef = 2DD0B2891E825AD10053B8F5 /* Range.swift */; };
		2DD0B2911E825B060053B8F5 /* UserInfo.json in Resources */ = {isa = PBXBuildFile; fileRef = 2DD0B28F1E825AFD0053B8F5 /* UserInfo.json */; };
		2DD0B2921E825B0A0053B8F5 /* MeInfo.json in Resources */ = {isa = PBXBuildFile; fileRef = 2DD0B28D1E825AF30053B8F5 /* MeInfo.json */; };
		2DD0B2931E825B0D0053B8F5 /* MarathonInfo.json in Resources */ = {isa = PBXBuildFile; fileRef = 2DD0B28B1E825AEB0053B8F5 /* MarathonInfo.json */; };
		2DD0B2951E825B390053B8F5 /* HighlightInfo.json in Resources */ = {isa = PBXBuildFile; fileRef = 2DD0B2941E825B390053B8F5 /* HighlightInfo.json */; };
		2DD0B2971E825B520053B8F5 /* RangeInfo.json in Resources */ = {isa = PBXBuildFile; fileRef = 2DD0B2961E825B520053B8F5 /* RangeInfo.json */; };
		2DD0B2991E825B600053B8F5 /* HighlightTests.swift in Sources */ = {isa = PBXBuildFile; fileRef = 2DD0B2981E825B600053B8F5 /* HighlightTests.swift */; };
		2DD0B29C1E825B720053B8F5 /* MarathonTests.swift in Sources */ = {isa = PBXBuildFile; fileRef = 2DD0B29A1E825B720053B8F5 /* MarathonTests.swift */; };
		2DD0B29D1E825B720053B8F5 /* MeTests.swift in Sources */ = {isa = PBXBuildFile; fileRef = 2DD0B29B1E825B720053B8F5 /* MeTests.swift */; };
		2DD0B29F1E825B7B0053B8F5 /* UserTests.swift in Sources */ = {isa = PBXBuildFile; fileRef = 2DD0B29E1E825B7B0053B8F5 /* UserTests.swift */; };
		2DD0B2A11E825E1C0053B8F5 /* ReadingLogTests.swift in Sources */ = {isa = PBXBuildFile; fileRef = 2DD0B2A01E825E1C0053B8F5 /* ReadingLogTests.swift */; };
		2DD0B2A31E825E330053B8F5 /* ReadingLogInfo.json in Resources */ = {isa = PBXBuildFile; fileRef = 2DD0B2A21E825E330053B8F5 /* ReadingLogInfo.json */; };
		2DD0B2A61E826B5C0053B8F5 /* CommentTests.swift in Sources */ = {isa = PBXBuildFile; fileRef = 2DD0B2A41E826B190053B8F5 /* CommentTests.swift */; };
		2DD0B2A91E8273600053B8F5 /* CommentInfo.json in Resources */ = {isa = PBXBuildFile; fileRef = 2DD0B2A71E826BC80053B8F5 /* CommentInfo.json */; };
		2DD0B2AB1E8281BA0053B8F5 /* BookmarkInfo.json in Resources */ = {isa = PBXBuildFile; fileRef = 2DD0B2AA1E8281BA0053B8F5 /* BookmarkInfo.json */; };
		2DD0B2AD1E8281E70053B8F5 /* BookmarkTests.swift in Sources */ = {isa = PBXBuildFile; fileRef = 2DD0B2AC1E8281E70053B8F5 /* BookmarkTests.swift */; };
		2DD0B2B01E8282C20053B8F5 /* Bookmark.swift in Sources */ = {isa = PBXBuildFile; fileRef = 2DD0B2AE1E8282270053B8F5 /* Bookmark.swift */; };
		2DD0B2B21E8282E20053B8F5 /* Path.swift in Sources */ = {isa = PBXBuildFile; fileRef = 2DD0B2B11E8282E20053B8F5 /* Path.swift */; };
		2DD0B2B51E8375BC0053B8F5 /* ApiDocumentErrorEnvelope.swift in Sources */ = {isa = PBXBuildFile; fileRef = 2DD0B2B41E8375BC0053B8F5 /* ApiDocumentErrorEnvelope.swift */; };
		2DECC70A1E78341900FB815C /* MooApi.framework in Frameworks */ = {isa = PBXBuildFile; fileRef = 2DECC7001E78341900FB815C /* MooApi.framework */; };
		2DECC7111E78341900FB815C /* MooApi.h in Headers */ = {isa = PBXBuildFile; fileRef = 2DECC7031E78341900FB815C /* MooApi.h */; settings = {ATTRIBUTES = (Public, ); }; };
		2DECC73A1E78342C00FB815C /* ApiDocument.swift in Sources */ = {isa = PBXBuildFile; fileRef = 2DECC71C1E78342C00FB815C /* ApiDocument.swift */; };
		2DECC73B1E78342C00FB815C /* ApiDocumentEnvelope.swift in Sources */ = {isa = PBXBuildFile; fileRef = 2DECC71D1E78342C00FB815C /* ApiDocumentEnvelope.swift */; };
		2DECC73C1E78342C00FB815C /* ApiDocumentInclusion.swift in Sources */ = {isa = PBXBuildFile; fileRef = 2DECC71E1E78342C00FB815C /* ApiDocumentInclusion.swift */; };
		2DECC73D1E78342C00FB815C /* ApiDocumentLinks.swift in Sources */ = {isa = PBXBuildFile; fileRef = 2DECC71F1E78342C00FB815C /* ApiDocumentLinks.swift */; };
		2DECC73E1E78342C00FB815C /* ApiDocumentMeta.swift in Sources */ = {isa = PBXBuildFile; fileRef = 2DECC7201E78342C00FB815C /* ApiDocumentMeta.swift */; };
		2DECC7441E78342C00FB815C /* ResourceType.swift in Sources */ = {isa = PBXBuildFile; fileRef = 2DECC7281E78342C00FB815C /* ResourceType.swift */; };
		2DECC7451E78342C00FB815C /* ResourceIdentifier.swift in Sources */ = {isa = PBXBuildFile; fileRef = 2DECC7291E78342C00FB815C /* ResourceIdentifier.swift */; };
		2DECC7461E78342C00FB815C /* Book.swift in Sources */ = {isa = PBXBuildFile; fileRef = 2DECC72B1E78342C00FB815C /* Book.swift */; };
		2DECC7471E78342C00FB815C /* Bookshelf.swift in Sources */ = {isa = PBXBuildFile; fileRef = 2DECC72C1E78342C00FB815C /* Bookshelf.swift */; };
		2DECC7481E78342C00FB815C /* Category.swift in Sources */ = {isa = PBXBuildFile; fileRef = 2DECC72D1E78342C00FB815C /* Category.swift */; };
		2DECC7491E78342C00FB815C /* Contributor.swift in Sources */ = {isa = PBXBuildFile; fileRef = 2DECC72E1E78342C00FB815C /* Contributor.swift */; };
		2DECC74A1E78342C00FB815C /* Event.swift in Sources */ = {isa = PBXBuildFile; fileRef = 2DECC72F1E78342C00FB815C /* Event.swift */; };
		2DECC74B1E78342C00FB815C /* Marathon.swift in Sources */ = {isa = PBXBuildFile; fileRef = 2DECC7301E78342C00FB815C /* Marathon.swift */; };
		2DECC74C1E78342C00FB815C /* Publisher.swift in Sources */ = {isa = PBXBuildFile; fileRef = 2DECC7311E78342C00FB815C /* Publisher.swift */; };
		2DECC74D1E78342C00FB815C /* Reading.swift in Sources */ = {isa = PBXBuildFile; fileRef = 2DECC7321E78342C00FB815C /* Reading.swift */; };
		2DECC74E1E78342C00FB815C /* ReadingLog.swift in Sources */ = {isa = PBXBuildFile; fileRef = 2DECC7331E78342C00FB815C /* ReadingLog.swift */; };
		2DECC74F1E78342C00FB815C /* Review.swift in Sources */ = {isa = PBXBuildFile; fileRef = 2DECC7341E78342C00FB815C /* Review.swift */; };
		2DECC7501E78342C00FB815C /* Subscription.swift in Sources */ = {isa = PBXBuildFile; fileRef = 2DECC7351E78342C00FB815C /* Subscription.swift */; };
		2DECC7521E78342C00FB815C /* Service.swift in Sources */ = {isa = PBXBuildFile; fileRef = 2DECC7371E78342C00FB815C /* Service.swift */; };
		2DECC7531E78342C00FB815C /* ServiceApi.swift in Sources */ = {isa = PBXBuildFile; fileRef = 2DECC7381E78342C00FB815C /* ServiceApi.swift */; };
		2DECC7541E78342C00FB815C /* ServiceError.swift in Sources */ = {isa = PBXBuildFile; fileRef = 2DECC7391E78342C00FB815C /* ServiceError.swift */; };
		2DECC7651E78344300FB815C /* BookShelvesTests.swift in Sources */ = {isa = PBXBuildFile; fileRef = 2DECC7551E78344300FB815C /* BookShelvesTests.swift */; };
		2DECC7661E78344300FB815C /* BookTests.swift in Sources */ = {isa = PBXBuildFile; fileRef = 2DECC7561E78344300FB815C /* BookTests.swift */; };
		2DECC7671E78344300FB815C /* CategoryTests.swift in Sources */ = {isa = PBXBuildFile; fileRef = 2DECC7571E78344300FB815C /* CategoryTests.swift */; };
		2DECC7681E78344300FB815C /* ContributorTests.swift in Sources */ = {isa = PBXBuildFile; fileRef = 2DECC7581E78344300FB815C /* ContributorTests.swift */; };
		2DECC7691E78344300FB815C /* PublisherTests.swift in Sources */ = {isa = PBXBuildFile; fileRef = 2DECC7591E78344300FB815C /* PublisherTests.swift */; };
		2DECC76A1E78344300FB815C /* ReadingTests.swift in Sources */ = {isa = PBXBuildFile; fileRef = 2DECC75A1E78344300FB815C /* ReadingTests.swift */; };
		2DECC76B1E78344300FB815C /* ReviewTests.swift in Sources */ = {isa = PBXBuildFile; fileRef = 2DECC75B1E78344300FB815C /* ReviewTests.swift */; };
		2DECC76C1E78344300FB815C /* SubscriptionTests.swift in Sources */ = {isa = PBXBuildFile; fileRef = 2DECC75C1E78344300FB815C /* SubscriptionTests.swift */; };
		2DECC76D1E78344300FB815C /* BookInfo.json in Resources */ = {isa = PBXBuildFile; fileRef = 2DECC75D1E78344300FB815C /* BookInfo.json */; };
		2DECC76E1E78344300FB815C /* BookshelvesInfo.json in Resources */ = {isa = PBXBuildFile; fileRef = 2DECC75E1E78344300FB815C /* BookshelvesInfo.json */; };
		2DECC76F1E78344300FB815C /* CategoryInfo.json in Resources */ = {isa = PBXBuildFile; fileRef = 2DECC75F1E78344300FB815C /* CategoryInfo.json */; };
		2DECC7701E78344300FB815C /* ContributorInfo.json in Resources */ = {isa = PBXBuildFile; fileRef = 2DECC7601E78344300FB815C /* ContributorInfo.json */; };
		2DECC7711E78344300FB815C /* PublisherInfo.json in Resources */ = {isa = PBXBuildFile; fileRef = 2DECC7611E78344300FB815C /* PublisherInfo.json */; };
		2DECC7721E78344300FB815C /* ReadingInfo.json in Resources */ = {isa = PBXBuildFile; fileRef = 2DECC7621E78344300FB815C /* ReadingInfo.json */; };
		2DECC7731E78344300FB815C /* ReviewInfo.json in Resources */ = {isa = PBXBuildFile; fileRef = 2DECC7631E78344300FB815C /* ReviewInfo.json */; };
		2DECC7741E78344300FB815C /* SubscriptionInfo.json in Resources */ = {isa = PBXBuildFile; fileRef = 2DECC7641E78344300FB815C /* SubscriptionInfo.json */; };
		441E71962063619E00A6FC28 /* CoverData.swift in Sources */ = {isa = PBXBuildFile; fileRef = 441E71952063619E00A6FC28 /* CoverData.swift */; };
		441E719C2063655D00A6FC28 /* DocumentTests.swift in Sources */ = {isa = PBXBuildFile; fileRef = 441E719B2063655D00A6FC28 /* DocumentTests.swift */; };
		441E71A02064A8C600A6FC28 /* RelationshipCollection.swift in Sources */ = {isa = PBXBuildFile; fileRef = 441E719F2064A8C600A6FC28 /* RelationshipCollection.swift */; };
		442EDA2920492B87008C8D76 /* ApiManager+Library.swift in Sources */ = {isa = PBXBuildFile; fileRef = 442EDA2820492B87008C8D76 /* ApiManager+Library.swift */; };
		4441011D20634CAB0071BA5F /* ApiManager+Document.swift in Sources */ = {isa = PBXBuildFile; fileRef = 4441011C20634CAB0071BA5F /* ApiManager+Document.swift */; };
		4441012020634E3F0071BA5F /* Document.swift in Sources */ = {isa = PBXBuildFile; fileRef = 4441011F20634E3F0071BA5F /* Document.swift */; };
		44410123206351510071BA5F /* RenditionData.swift in Sources */ = {isa = PBXBuildFile; fileRef = 44410122206351510071BA5F /* RenditionData.swift */; };
		44410126206352880071BA5F /* EpubData.swift in Sources */ = {isa = PBXBuildFile; fileRef = 44410125206352880071BA5F /* EpubData.swift */; };
		44410129206354020071BA5F /* CountData.swift in Sources */ = {isa = PBXBuildFile; fileRef = 44410128206354020071BA5F /* CountData.swift */; };
		4441012C2063593E0071BA5F /* ReadingAttributes.swift in Sources */ = {isa = PBXBuildFile; fileRef = 4441012B2063593E0071BA5F /* ReadingAttributes.swift */; };
		444803D02060E560009B0014 /* ApiManager+User.swift in Sources */ = {isa = PBXBuildFile; fileRef = 444803CF2060E560009B0014 /* ApiManager+User.swift */; };
		444803D4206108F3009B0014 /* CharacterSet+Extension.swift in Sources */ = {isa = PBXBuildFile; fileRef = 444803D3206108F3009B0014 /* CharacterSet+Extension.swift */; };
		444803D5206108F3009B0014 /* CharacterSet+Extension.swift in Sources */ = {isa = PBXBuildFile; fileRef = 444803D3206108F3009B0014 /* CharacterSet+Extension.swift */; };
		444803DA20610E6A009B0014 /* DeviceData.swift in Sources */ = {isa = PBXBuildFile; fileRef = 444803D920610E6A009B0014 /* DeviceData.swift */; };
		444803DD20611ABF009B0014 /* AccountData.swift in Sources */ = {isa = PBXBuildFile; fileRef = 444803DC20611ABF009B0014 /* AccountData.swift */; };
		4475B83B2032A3A00046AE08 /* ApiManager.swift in Sources */ = {isa = PBXBuildFile; fileRef = 4475B83A2032A3A00046AE08 /* ApiManager.swift */; };
		44EBD45C2068AC7A0087642C /* DocumentInfo.json in Resources */ = {isa = PBXBuildFile; fileRef = 44EBD45B2068AC7A0087642C /* DocumentInfo.json */; };
		44EBD45E2068ACEC0087642C /* BookshelvesData.json in Resources */ = {isa = PBXBuildFile; fileRef = 44EBD45D2068ACEC0087642C /* BookshelvesData.json */; };
		5603DD30206DECC200113300 /* TagData.json in Resources */ = {isa = PBXBuildFile; fileRef = 5603DD2E206DECB900113300 /* TagData.json */; };
		5603DD32206DECE300113300 /* TagTests.swift in Sources */ = {isa = PBXBuildFile; fileRef = 5603DD31206DECE300113300 /* TagTests.swift */; };
		5603DD34206DF5CD00113300 /* ApiManager+Tag.swift in Sources */ = {isa = PBXBuildFile; fileRef = 5603DD33206DF5CD00113300 /* ApiManager+Tag.swift */; };
		5603DD37206F212F00113300 /* TagResponse.swift in Sources */ = {isa = PBXBuildFile; fileRef = 5603DD36206F212F00113300 /* TagResponse.swift */; };
		5E502D504847D3B53A1DC0E9 /* Pods_MooApi.framework in Frameworks */ = {isa = PBXBuildFile; fileRef = 1912B8AFB0B5DB47E4381079 /* Pods_MooApi.framework */; };
		A339B429A5D2887CE6AD42DB /* Pods_MooApiTests.framework in Frameworks */ = {isa = PBXBuildFile; fileRef = E5A744F978B0521FE178C904 /* Pods_MooApiTests.framework */; };
/* End PBXBuildFile section */

/* Begin PBXContainerItemProxy section */
		2DECC70B1E78341900FB815C /* PBXContainerItemProxy */ = {
			isa = PBXContainerItemProxy;
			containerPortal = 2DECC6F71E78341900FB815C /* Project object */;
			proxyType = 1;
			remoteGlobalIDString = 2DECC6FF1E78341900FB815C;
			remoteInfo = MooApi;
		};
/* End PBXContainerItemProxy section */

/* Begin PBXFileReference section */
		0E33F782E0073799ADBED2B9 /* Pods-MooApiTests.debug.xcconfig */ = {isa = PBXFileReference; includeInIndex = 1; lastKnownFileType = text.xcconfig; name = "Pods-MooApiTests.debug.xcconfig"; path = "Pods/Target Support Files/Pods-MooApiTests/Pods-MooApiTests.debug.xcconfig"; sourceTree = "<group>"; };
		110973FEE85D15DA6F97BB95 /* Pods-MooApiTests.release.xcconfig */ = {isa = PBXFileReference; includeInIndex = 1; lastKnownFileType = text.xcconfig; name = "Pods-MooApiTests.release.xcconfig"; path = "Pods/Target Support Files/Pods-MooApiTests/Pods-MooApiTests.release.xcconfig"; sourceTree = "<group>"; };
		18074E3A1FFC95F30005C40D /* LCPL.swift */ = {isa = PBXFileReference; lastKnownFileType = sourcecode.swift; path = LCPL.swift; sourceTree = "<group>"; };
		18074E3D1FFC975A0005C40D /* LCPLEncryption.swift */ = {isa = PBXFileReference; lastKnownFileType = sourcecode.swift; path = LCPLEncryption.swift; sourceTree = "<group>"; };
		18074E3F1FFCAA4E0005C40D /* LCPLLink.swift */ = {isa = PBXFileReference; lastKnownFileType = sourcecode.swift; path = LCPLLink.swift; sourceTree = "<group>"; };
		181C80FC1FC8200000BE280B /* StoreDataBaseBookItem.swift */ = {isa = PBXFileReference; lastKnownFileType = sourcecode.swift; path = StoreDataBaseBookItem.swift; sourceTree = "<group>"; };
		181C80FE1FC821FE00BE280B /* StoreDataBasePageItem.swift */ = {isa = PBXFileReference; lastKnownFileType = sourcecode.swift; path = StoreDataBasePageItem.swift; sourceTree = "<group>"; };
		183EFB311FAC2A1400C84CD5 /* DownloadEpubManager.swift */ = {isa = PBXFileReference; fileEncoding = 4; lastKnownFileType = sourcecode.swift; path = DownloadEpubManager.swift; sourceTree = "<group>"; };
		183EFB321FAC2A1400C84CD5 /* DonwloadEpubObserver.swift */ = {isa = PBXFileReference; fileEncoding = 4; lastKnownFileType = sourcecode.swift; path = DonwloadEpubObserver.swift; sourceTree = "<group>"; };
		183EFB331FAC2A1500C84CD5 /* DownloadEpubMission.swift */ = {isa = PBXFileReference; fileEncoding = 4; lastKnownFileType = sourcecode.swift; path = DownloadEpubMission.swift; sourceTree = "<group>"; };
		183EFB341FAC2A1500C84CD5 /* DownloadEpubOperation.swift */ = {isa = PBXFileReference; fileEncoding = 4; lastKnownFileType = sourcecode.swift; path = DownloadEpubOperation.swift; sourceTree = "<group>"; };
		1842E7F21FDE472F00C1C671 /* StoreDetailBook.swift */ = {isa = PBXFileReference; lastKnownFileType = sourcecode.swift; path = StoreDetailBook.swift; sourceTree = "<group>"; };
		1842E7F41FDE5AB900C1C671 /* StoreBookPrice.swift */ = {isa = PBXFileReference; lastKnownFileType = sourcecode.swift; path = StoreBookPrice.swift; sourceTree = "<group>"; };
		1842E7F61FDE5D8200C1C671 /* StoreBookPages.swift */ = {isa = PBXFileReference; lastKnownFileType = sourcecode.swift; path = StoreBookPages.swift; sourceTree = "<group>"; };
		1842E7FE1FDF6F6B00C1C671 /* StoreDetailBookData.swift */ = {isa = PBXFileReference; lastKnownFileType = sourcecode.swift; path = StoreDetailBookData.swift; sourceTree = "<group>"; };
		1878043A1FD6A68D0087AB74 /* StoreCollectionItem.swift */ = {isa = PBXFileReference; lastKnownFileType = sourcecode.swift; path = StoreCollectionItem.swift; sourceTree = "<group>"; };
		1878043C1FD6A7BB0087AB74 /* StorePagination.swift */ = {isa = PBXFileReference; lastKnownFileType = sourcecode.swift; path = StorePagination.swift; sourceTree = "<group>"; };
		187804401FD6AA1D0087AB74 /* StoreBookCoverItem.swift */ = {isa = PBXFileReference; lastKnownFileType = sourcecode.swift; path = StoreBookCoverItem.swift; sourceTree = "<group>"; };
		187804421FD6AA8D0087AB74 /* StoreBookRenditionItem.swift */ = {isa = PBXFileReference; lastKnownFileType = sourcecode.swift; path = StoreBookRenditionItem.swift; sourceTree = "<group>"; };
		187804441FD6AF6F0087AB74 /* StoreCollectionCategoryItem.swift */ = {isa = PBXFileReference; lastKnownFileType = sourcecode.swift; path = StoreCollectionCategoryItem.swift; sourceTree = "<group>"; };
		18A586F21F9DC2E70086799C /* MemberApi.swift */ = {isa = PBXFileReference; lastKnownFileType = sourcecode.swift; path = MemberApi.swift; sourceTree = "<group>"; };
		18C06D3B1FE0CCD500FC211C /* StoreSearchSuggest.swift */ = {isa = PBXFileReference; lastKnownFileType = sourcecode.swift; path = StoreSearchSuggest.swift; sourceTree = "<group>"; };
		18C06D3D1FE0CDE400FC211C /* StoreSearchKeyword.swift */ = {isa = PBXFileReference; lastKnownFileType = sourcecode.swift; path = StoreSearchKeyword.swift; sourceTree = "<group>"; };
		18C06D3F1FE0D3BB00FC211C /* StoreSearchBook.swift */ = {isa = PBXFileReference; lastKnownFileType = sourcecode.swift; path = StoreSearchBook.swift; sourceTree = "<group>"; };
		18C9193D1FA32C2700236B77 /* ApiProtocol.swift */ = {isa = PBXFileReference; lastKnownFileType = sourcecode.swift; path = ApiProtocol.swift; sourceTree = "<group>"; };
		18CB970A1FC3FF12007D5405 /* Devices.swift */ = {isa = PBXFileReference; lastKnownFileType = sourcecode.swift; path = Devices.swift; sourceTree = "<group>"; };
		18CB970C1FC41072007D5405 /* StoreApi.swift */ = {isa = PBXFileReference; lastKnownFileType = sourcecode.swift; path = StoreApi.swift; sourceTree = "<group>"; };
		18CB97571FC5621F007D5405 /* StoreFooter.swift */ = {isa = PBXFileReference; fileEncoding = 4; lastKnownFileType = sourcecode.swift; path = StoreFooter.swift; sourceTree = "<group>"; };
		18CB97581FC5621F007D5405 /* StoreBanner.swift */ = {isa = PBXFileReference; fileEncoding = 4; lastKnownFileType = sourcecode.swift; path = StoreBanner.swift; sourceTree = "<group>"; };
		18CB97591FC5621F007D5405 /* StoreBaseType.swift */ = {isa = PBXFileReference; fileEncoding = 4; lastKnownFileType = sourcecode.swift; path = StoreBaseType.swift; sourceTree = "<group>"; };
		18CB975A1FC5621F007D5405 /* StoreRank.swift */ = {isa = PBXFileReference; fileEncoding = 4; lastKnownFileType = sourcecode.swift; path = StoreRank.swift; sourceTree = "<group>"; };
		18CB975B1FC5621F007D5405 /* StoreDataRow.swift */ = {isa = PBXFileReference; fileEncoding = 4; lastKnownFileType = sourcecode.swift; path = StoreDataRow.swift; sourceTree = "<group>"; };
		18CB975C1FC5621F007D5405 /* StoreBannerSet.swift */ = {isa = PBXFileReference; fileEncoding = 4; lastKnownFileType = sourcecode.swift; path = StoreBannerSet.swift; sourceTree = "<group>"; };
		18CB975D1FC5621F007D5405 /* StoreDataProtocal.swift */ = {isa = PBXFileReference; fileEncoding = 4; lastKnownFileType = sourcecode.swift; path = StoreDataProtocal.swift; sourceTree = "<group>"; };
		18CB975E1FC5621F007D5405 /* StoreBaseItem.swift */ = {isa = PBXFileReference; fileEncoding = 4; lastKnownFileType = sourcecode.swift; path = StoreBaseItem.swift; sourceTree = "<group>"; };
		18CB975F1FC5621F007D5405 /* StoreDataColumn.swift */ = {isa = PBXFileReference; fileEncoding = 4; lastKnownFileType = sourcecode.swift; path = StoreDataColumn.swift; sourceTree = "<group>"; };
		18CB97601FC5621F007D5405 /* StoreNavCircle.swift */ = {isa = PBXFileReference; fileEncoding = 4; lastKnownFileType = sourcecode.swift; path = StoreNavCircle.swift; sourceTree = "<group>"; };
		18CB97611FC56220007D5405 /* StoreNavRectangle.swift */ = {isa = PBXFileReference; fileEncoding = 4; lastKnownFileType = sourcecode.swift; path = StoreNavRectangle.swift; sourceTree = "<group>"; };
		18CB976D1FC5835F007D5405 /* ApiDecodable.swift */ = {isa = PBXFileReference; lastKnownFileType = sourcecode.swift; path = ApiDecodable.swift; sourceTree = "<group>"; };
		1912B8AFB0B5DB47E4381079 /* Pods_MooApi.framework */ = {isa = PBXFileReference; explicitFileType = wrapper.framework; includeInIndex = 0; path = Pods_MooApi.framework; sourceTree = BUILT_PRODUCTS_DIR; };
		1B902AC683F22B3462417513 /* Pods-MooApi.debug.xcconfig */ = {isa = PBXFileReference; includeInIndex = 1; lastKnownFileType = text.xcconfig; name = "Pods-MooApi.debug.xcconfig"; path = "Pods/Target Support Files/Pods-MooApi/Pods-MooApi.debug.xcconfig"; sourceTree = "<group>"; };
		2D01B2841E80DBFA00583A7C /* User.swift */ = {isa = PBXFileReference; fileEncoding = 4; lastKnownFileType = sourcecode.swift; path = User.swift; sourceTree = "<group>"; };
		2D01B2861E80DFBA00583A7C /* ImageMeta.swift */ = {isa = PBXFileReference; fileEncoding = 4; lastKnownFileType = sourcecode.swift; path = ImageMeta.swift; sourceTree = "<group>"; };
		2D01B2881E8123B300583A7C /* Comment.swift */ = {isa = PBXFileReference; fileEncoding = 4; lastKnownFileType = sourcecode.swift; path = Comment.swift; sourceTree = "<group>"; };
		2D01B2891E8123B300583A7C /* Highlight.swift */ = {isa = PBXFileReference; fileEncoding = 4; lastKnownFileType = sourcecode.swift; path = Highlight.swift; sourceTree = "<group>"; };
		2D01B28A1E8123B300583A7C /* Me.swift */ = {isa = PBXFileReference; fileEncoding = 4; lastKnownFileType = sourcecode.swift; path = Me.swift; sourceTree = "<group>"; };
		2D01B28E1E8123B300583A7C /* ResourceIdentifierWithRole.swift */ = {isa = PBXFileReference; fileEncoding = 4; lastKnownFileType = sourcecode.swift; path = ResourceIdentifierWithRole.swift; sourceTree = "<group>"; };
		2D01B28F1E8123B300583A7C /* ResourceLinks.swift */ = {isa = PBXFileReference; fileEncoding = 4; lastKnownFileType = sourcecode.swift; path = ResourceLinks.swift; sourceTree = "<group>"; };
		2D01B2901E8123B300583A7C /* ResourceMeta.swift */ = {isa = PBXFileReference; fileEncoding = 4; lastKnownFileType = sourcecode.swift; path = ResourceMeta.swift; sourceTree = "<group>"; };
		2D5C3B171EC1783C000F01C1 /* Authorization.swift */ = {isa = PBXFileReference; fileEncoding = 4; lastKnownFileType = sourcecode.swift; path = Authorization.swift; sourceTree = "<group>"; };
		2DD0B2891E825AD10053B8F5 /* Range.swift */ = {isa = PBXFileReference; fileEncoding = 4; lastKnownFileType = sourcecode.swift; path = Range.swift; sourceTree = "<group>"; };
		2DD0B28B1E825AEB0053B8F5 /* MarathonInfo.json */ = {isa = PBXFileReference; fileEncoding = 4; lastKnownFileType = text.json; path = MarathonInfo.json; sourceTree = "<group>"; };
		2DD0B28D1E825AF30053B8F5 /* MeInfo.json */ = {isa = PBXFileReference; fileEncoding = 4; lastKnownFileType = text.json; path = MeInfo.json; sourceTree = "<group>"; };
		2DD0B28F1E825AFD0053B8F5 /* UserInfo.json */ = {isa = PBXFileReference; fileEncoding = 4; lastKnownFileType = text.json; path = UserInfo.json; sourceTree = "<group>"; };
		2DD0B2941E825B390053B8F5 /* HighlightInfo.json */ = {isa = PBXFileReference; fileEncoding = 4; lastKnownFileType = text.json; path = HighlightInfo.json; sourceTree = "<group>"; };
		2DD0B2961E825B520053B8F5 /* RangeInfo.json */ = {isa = PBXFileReference; fileEncoding = 4; lastKnownFileType = text.json; path = RangeInfo.json; sourceTree = "<group>"; };
		2DD0B2981E825B600053B8F5 /* HighlightTests.swift */ = {isa = PBXFileReference; fileEncoding = 4; lastKnownFileType = sourcecode.swift; lineEnding = 0; path = HighlightTests.swift; sourceTree = "<group>"; xcLanguageSpecificationIdentifier = xcode.lang.swift; };
		2DD0B29A1E825B720053B8F5 /* MarathonTests.swift */ = {isa = PBXFileReference; fileEncoding = 4; lastKnownFileType = sourcecode.swift; path = MarathonTests.swift; sourceTree = "<group>"; };
		2DD0B29B1E825B720053B8F5 /* MeTests.swift */ = {isa = PBXFileReference; fileEncoding = 4; lastKnownFileType = sourcecode.swift; path = MeTests.swift; sourceTree = "<group>"; };
		2DD0B29E1E825B7B0053B8F5 /* UserTests.swift */ = {isa = PBXFileReference; fileEncoding = 4; lastKnownFileType = sourcecode.swift; path = UserTests.swift; sourceTree = "<group>"; };
		2DD0B2A01E825E1C0053B8F5 /* ReadingLogTests.swift */ = {isa = PBXFileReference; fileEncoding = 4; lastKnownFileType = sourcecode.swift; lineEnding = 0; path = ReadingLogTests.swift; sourceTree = "<group>"; xcLanguageSpecificationIdentifier = xcode.lang.swift; };
		2DD0B2A21E825E330053B8F5 /* ReadingLogInfo.json */ = {isa = PBXFileReference; fileEncoding = 4; lastKnownFileType = text.json; path = ReadingLogInfo.json; sourceTree = "<group>"; };
		2DD0B2A41E826B190053B8F5 /* CommentTests.swift */ = {isa = PBXFileReference; fileEncoding = 4; lastKnownFileType = sourcecode.swift; lineEnding = 0; path = CommentTests.swift; sourceTree = "<group>"; xcLanguageSpecificationIdentifier = xcode.lang.swift; };
		2DD0B2A71E826BC80053B8F5 /* CommentInfo.json */ = {isa = PBXFileReference; fileEncoding = 4; lastKnownFileType = text.json; path = CommentInfo.json; sourceTree = "<group>"; };
		2DD0B2AA1E8281BA0053B8F5 /* BookmarkInfo.json */ = {isa = PBXFileReference; fileEncoding = 4; lastKnownFileType = text.json; path = BookmarkInfo.json; sourceTree = "<group>"; };
		2DD0B2AC1E8281E70053B8F5 /* BookmarkTests.swift */ = {isa = PBXFileReference; fileEncoding = 4; lastKnownFileType = sourcecode.swift; path = BookmarkTests.swift; sourceTree = "<group>"; };
		2DD0B2AE1E8282270053B8F5 /* Bookmark.swift */ = {isa = PBXFileReference; fileEncoding = 4; lastKnownFileType = sourcecode.swift; path = Bookmark.swift; sourceTree = "<group>"; };
		2DD0B2B11E8282E20053B8F5 /* Path.swift */ = {isa = PBXFileReference; fileEncoding = 4; lastKnownFileType = sourcecode.swift; path = Path.swift; sourceTree = "<group>"; };
		2DD0B2B41E8375BC0053B8F5 /* ApiDocumentErrorEnvelope.swift */ = {isa = PBXFileReference; fileEncoding = 4; lastKnownFileType = sourcecode.swift; path = ApiDocumentErrorEnvelope.swift; sourceTree = "<group>"; };
		2DECC7001E78341900FB815C /* MooApi.framework */ = {isa = PBXFileReference; explicitFileType = wrapper.framework; includeInIndex = 0; path = MooApi.framework; sourceTree = BUILT_PRODUCTS_DIR; };
		2DECC7031E78341900FB815C /* MooApi.h */ = {isa = PBXFileReference; lastKnownFileType = sourcecode.c.h; path = MooApi.h; sourceTree = "<group>"; };
		2DECC7041E78341900FB815C /* Info.plist */ = {isa = PBXFileReference; lastKnownFileType = text.plist.xml; path = Info.plist; sourceTree = "<group>"; };
		2DECC7091E78341900FB815C /* MooApiTests.xctest */ = {isa = PBXFileReference; explicitFileType = wrapper.cfbundle; includeInIndex = 0; path = MooApiTests.xctest; sourceTree = BUILT_PRODUCTS_DIR; };
		2DECC7101E78341900FB815C /* Info.plist */ = {isa = PBXFileReference; lastKnownFileType = text.plist.xml; path = Info.plist; sourceTree = "<group>"; };
		2DECC71C1E78342C00FB815C /* ApiDocument.swift */ = {isa = PBXFileReference; fileEncoding = 4; lastKnownFileType = sourcecode.swift; path = ApiDocument.swift; sourceTree = "<group>"; };
		2DECC71D1E78342C00FB815C /* ApiDocumentEnvelope.swift */ = {isa = PBXFileReference; fileEncoding = 4; lastKnownFileType = sourcecode.swift; path = ApiDocumentEnvelope.swift; sourceTree = "<group>"; };
		2DECC71E1E78342C00FB815C /* ApiDocumentInclusion.swift */ = {isa = PBXFileReference; fileEncoding = 4; lastKnownFileType = sourcecode.swift; path = ApiDocumentInclusion.swift; sourceTree = "<group>"; };
		2DECC71F1E78342C00FB815C /* ApiDocumentLinks.swift */ = {isa = PBXFileReference; fileEncoding = 4; lastKnownFileType = sourcecode.swift; path = ApiDocumentLinks.swift; sourceTree = "<group>"; };
		2DECC7201E78342C00FB815C /* ApiDocumentMeta.swift */ = {isa = PBXFileReference; fileEncoding = 4; lastKnownFileType = sourcecode.swift; path = ApiDocumentMeta.swift; sourceTree = "<group>"; };
		2DECC7281E78342C00FB815C /* ResourceType.swift */ = {isa = PBXFileReference; fileEncoding = 4; lastKnownFileType = sourcecode.swift; path = ResourceType.swift; sourceTree = "<group>"; };
		2DECC7291E78342C00FB815C /* ResourceIdentifier.swift */ = {isa = PBXFileReference; fileEncoding = 4; lastKnownFileType = sourcecode.swift; path = ResourceIdentifier.swift; sourceTree = "<group>"; };
		2DECC72B1E78342C00FB815C /* Book.swift */ = {isa = PBXFileReference; fileEncoding = 4; lastKnownFileType = sourcecode.swift; path = Book.swift; sourceTree = "<group>"; };
		2DECC72C1E78342C00FB815C /* Bookshelf.swift */ = {isa = PBXFileReference; fileEncoding = 4; lastKnownFileType = sourcecode.swift; path = Bookshelf.swift; sourceTree = "<group>"; };
		2DECC72D1E78342C00FB815C /* Category.swift */ = {isa = PBXFileReference; fileEncoding = 4; lastKnownFileType = sourcecode.swift; path = Category.swift; sourceTree = "<group>"; };
		2DECC72E1E78342C00FB815C /* Contributor.swift */ = {isa = PBXFileReference; fileEncoding = 4; lastKnownFileType = sourcecode.swift; path = Contributor.swift; sourceTree = "<group>"; };
		2DECC72F1E78342C00FB815C /* Event.swift */ = {isa = PBXFileReference; fileEncoding = 4; lastKnownFileType = sourcecode.swift; path = Event.swift; sourceTree = "<group>"; };
		2DECC7301E78342C00FB815C /* Marathon.swift */ = {isa = PBXFileReference; fileEncoding = 4; lastKnownFileType = sourcecode.swift; path = Marathon.swift; sourceTree = "<group>"; };
		2DECC7311E78342C00FB815C /* Publisher.swift */ = {isa = PBXFileReference; fileEncoding = 4; lastKnownFileType = sourcecode.swift; path = Publisher.swift; sourceTree = "<group>"; };
		2DECC7321E78342C00FB815C /* Reading.swift */ = {isa = PBXFileReference; fileEncoding = 4; lastKnownFileType = sourcecode.swift; path = Reading.swift; sourceTree = "<group>"; };
		2DECC7331E78342C00FB815C /* ReadingLog.swift */ = {isa = PBXFileReference; fileEncoding = 4; lastKnownFileType = sourcecode.swift; path = ReadingLog.swift; sourceTree = "<group>"; };
		2DECC7341E78342C00FB815C /* Review.swift */ = {isa = PBXFileReference; fileEncoding = 4; lastKnownFileType = sourcecode.swift; path = Review.swift; sourceTree = "<group>"; };
		2DECC7351E78342C00FB815C /* Subscription.swift */ = {isa = PBXFileReference; fileEncoding = 4; lastKnownFileType = sourcecode.swift; path = Subscription.swift; sourceTree = "<group>"; };
		2DECC7371E78342C00FB815C /* Service.swift */ = {isa = PBXFileReference; fileEncoding = 4; lastKnownFileType = sourcecode.swift; path = Service.swift; sourceTree = "<group>"; };
		2DECC7381E78342C00FB815C /* ServiceApi.swift */ = {isa = PBXFileReference; fileEncoding = 4; lastKnownFileType = sourcecode.swift; path = ServiceApi.swift; sourceTree = "<group>"; };
		2DECC7391E78342C00FB815C /* ServiceError.swift */ = {isa = PBXFileReference; fileEncoding = 4; lastKnownFileType = sourcecode.swift; path = ServiceError.swift; sourceTree = "<group>"; };
		2DECC7551E78344300FB815C /* BookShelvesTests.swift */ = {isa = PBXFileReference; fileEncoding = 4; lastKnownFileType = sourcecode.swift; path = BookShelvesTests.swift; sourceTree = "<group>"; };
		2DECC7561E78344300FB815C /* BookTests.swift */ = {isa = PBXFileReference; fileEncoding = 4; lastKnownFileType = sourcecode.swift; path = BookTests.swift; sourceTree = "<group>"; };
		2DECC7571E78344300FB815C /* CategoryTests.swift */ = {isa = PBXFileReference; fileEncoding = 4; lastKnownFileType = sourcecode.swift; lineEnding = 0; path = CategoryTests.swift; sourceTree = "<group>"; xcLanguageSpecificationIdentifier = xcode.lang.swift; };
		2DECC7581E78344300FB815C /* ContributorTests.swift */ = {isa = PBXFileReference; fileEncoding = 4; lastKnownFileType = sourcecode.swift; path = ContributorTests.swift; sourceTree = "<group>"; };
		2DECC7591E78344300FB815C /* PublisherTests.swift */ = {isa = PBXFileReference; fileEncoding = 4; lastKnownFileType = sourcecode.swift; path = PublisherTests.swift; sourceTree = "<group>"; };
		2DECC75A1E78344300FB815C /* ReadingTests.swift */ = {isa = PBXFileReference; fileEncoding = 4; lastKnownFileType = sourcecode.swift; lineEnding = 0; path = ReadingTests.swift; sourceTree = "<group>"; xcLanguageSpecificationIdentifier = xcode.lang.swift; };
		2DECC75B1E78344300FB815C /* ReviewTests.swift */ = {isa = PBXFileReference; fileEncoding = 4; lastKnownFileType = sourcecode.swift; path = ReviewTests.swift; sourceTree = "<group>"; };
		2DECC75C1E78344300FB815C /* SubscriptionTests.swift */ = {isa = PBXFileReference; fileEncoding = 4; lastKnownFileType = sourcecode.swift; lineEnding = 0; path = SubscriptionTests.swift; sourceTree = "<group>"; xcLanguageSpecificationIdentifier = xcode.lang.swift; };
		2DECC75D1E78344300FB815C /* BookInfo.json */ = {isa = PBXFileReference; fileEncoding = 4; lastKnownFileType = text.json; path = BookInfo.json; sourceTree = "<group>"; };
		2DECC75E1E78344300FB815C /* BookshelvesInfo.json */ = {isa = PBXFileReference; fileEncoding = 4; lastKnownFileType = text.json; path = BookshelvesInfo.json; sourceTree = "<group>"; };
		2DECC75F1E78344300FB815C /* CategoryInfo.json */ = {isa = PBXFileReference; fileEncoding = 4; lastKnownFileType = text.json; path = CategoryInfo.json; sourceTree = "<group>"; };
		2DECC7601E78344300FB815C /* ContributorInfo.json */ = {isa = PBXFileReference; fileEncoding = 4; lastKnownFileType = text.json; path = ContributorInfo.json; sourceTree = "<group>"; };
		2DECC7611E78344300FB815C /* PublisherInfo.json */ = {isa = PBXFileReference; fileEncoding = 4; lastKnownFileType = text.json; path = PublisherInfo.json; sourceTree = "<group>"; };
		2DECC7621E78344300FB815C /* ReadingInfo.json */ = {isa = PBXFileReference; fileEncoding = 4; lastKnownFileType = text.json; path = ReadingInfo.json; sourceTree = "<group>"; };
		2DECC7631E78344300FB815C /* ReviewInfo.json */ = {isa = PBXFileReference; fileEncoding = 4; lastKnownFileType = text.json; path = ReviewInfo.json; sourceTree = "<group>"; };
		2DECC7641E78344300FB815C /* SubscriptionInfo.json */ = {isa = PBXFileReference; fileEncoding = 4; lastKnownFileType = text.json; path = SubscriptionInfo.json; sourceTree = "<group>"; };
		2FA47103586D6779DFDE92C8 /* Pods-MooApi.release.xcconfig */ = {isa = PBXFileReference; includeInIndex = 1; lastKnownFileType = text.xcconfig; name = "Pods-MooApi.release.xcconfig"; path = "Pods/Target Support Files/Pods-MooApi/Pods-MooApi.release.xcconfig"; sourceTree = "<group>"; };
		441E71952063619E00A6FC28 /* CoverData.swift */ = {isa = PBXFileReference; lastKnownFileType = sourcecode.swift; path = CoverData.swift; sourceTree = "<group>"; };
		441E719B2063655D00A6FC28 /* DocumentTests.swift */ = {isa = PBXFileReference; lastKnownFileType = sourcecode.swift; path = DocumentTests.swift; sourceTree = "<group>"; };
		441E719F2064A8C600A6FC28 /* RelationshipCollection.swift */ = {isa = PBXFileReference; lastKnownFileType = sourcecode.swift; path = RelationshipCollection.swift; sourceTree = "<group>"; };
		442EDA2820492B87008C8D76 /* ApiManager+Library.swift */ = {isa = PBXFileReference; lastKnownFileType = sourcecode.swift; path = "ApiManager+Library.swift"; sourceTree = "<group>"; };
		4441011C20634CAB0071BA5F /* ApiManager+Document.swift */ = {isa = PBXFileReference; lastKnownFileType = sourcecode.swift; path = "ApiManager+Document.swift"; sourceTree = "<group>"; };
		4441011F20634E3F0071BA5F /* Document.swift */ = {isa = PBXFileReference; lastKnownFileType = sourcecode.swift; path = Document.swift; sourceTree = "<group>"; };
		44410122206351510071BA5F /* RenditionData.swift */ = {isa = PBXFileReference; lastKnownFileType = sourcecode.swift; path = RenditionData.swift; sourceTree = "<group>"; };
		44410125206352880071BA5F /* EpubData.swift */ = {isa = PBXFileReference; lastKnownFileType = sourcecode.swift; path = EpubData.swift; sourceTree = "<group>"; };
		44410128206354020071BA5F /* CountData.swift */ = {isa = PBXFileReference; lastKnownFileType = sourcecode.swift; path = CountData.swift; sourceTree = "<group>"; };
		4441012B2063593E0071BA5F /* ReadingAttributes.swift */ = {isa = PBXFileReference; lastKnownFileType = sourcecode.swift; path = ReadingAttributes.swift; sourceTree = "<group>"; };
		444803CF2060E560009B0014 /* ApiManager+User.swift */ = {isa = PBXFileReference; lastKnownFileType = sourcecode.swift; path = "ApiManager+User.swift"; sourceTree = "<group>"; };
		444803D3206108F3009B0014 /* CharacterSet+Extension.swift */ = {isa = PBXFileReference; lastKnownFileType = sourcecode.swift; path = "CharacterSet+Extension.swift"; sourceTree = "<group>"; };
		444803D920610E6A009B0014 /* DeviceData.swift */ = {isa = PBXFileReference; lastKnownFileType = sourcecode.swift; path = DeviceData.swift; sourceTree = "<group>"; };
		444803DC20611ABF009B0014 /* AccountData.swift */ = {isa = PBXFileReference; lastKnownFileType = sourcecode.swift; path = AccountData.swift; sourceTree = "<group>"; };
		4475B83A2032A3A00046AE08 /* ApiManager.swift */ = {isa = PBXFileReference; lastKnownFileType = sourcecode.swift; path = ApiManager.swift; sourceTree = "<group>"; };
		44EBD45B2068AC7A0087642C /* DocumentInfo.json */ = {isa = PBXFileReference; fileEncoding = 4; lastKnownFileType = text.json; path = DocumentInfo.json; sourceTree = "<group>"; };
		44EBD45D2068ACEC0087642C /* BookshelvesData.json */ = {isa = PBXFileReference; fileEncoding = 4; lastKnownFileType = text.json; path = BookshelvesData.json; sourceTree = "<group>"; };
		5603DD2E206DECB900113300 /* TagData.json */ = {isa = PBXFileReference; fileEncoding = 4; lastKnownFileType = text.json; path = TagData.json; sourceTree = "<group>"; };
		5603DD31206DECE300113300 /* TagTests.swift */ = {isa = PBXFileReference; lastKnownFileType = sourcecode.swift; path = TagTests.swift; sourceTree = "<group>"; };
		5603DD33206DF5CD00113300 /* ApiManager+Tag.swift */ = {isa = PBXFileReference; lastKnownFileType = sourcecode.swift; path = "ApiManager+Tag.swift"; sourceTree = "<group>"; };
		5603DD36206F212F00113300 /* TagResponse.swift */ = {isa = PBXFileReference; lastKnownFileType = sourcecode.swift; path = TagResponse.swift; sourceTree = "<group>"; };
		E5A744F978B0521FE178C904 /* Pods_MooApiTests.framework */ = {isa = PBXFileReference; explicitFileType = wrapper.framework; includeInIndex = 0; path = Pods_MooApiTests.framework; sourceTree = BUILT_PRODUCTS_DIR; };
/* End PBXFileReference section */

/* Begin PBXFrameworksBuildPhase section */
		2DECC6FC1E78341900FB815C /* Frameworks */ = {
			isa = PBXFrameworksBuildPhase;
			buildActionMask = 2147483647;
			files = (
				5E502D504847D3B53A1DC0E9 /* Pods_MooApi.framework in Frameworks */,
			);
			runOnlyForDeploymentPostprocessing = 0;
		};
		2DECC7061E78341900FB815C /* Frameworks */ = {
			isa = PBXFrameworksBuildPhase;
			buildActionMask = 2147483647;
			files = (
				2DECC70A1E78341900FB815C /* MooApi.framework in Frameworks */,
				A339B429A5D2887CE6AD42DB /* Pods_MooApiTests.framework in Frameworks */,
			);
			runOnlyForDeploymentPostprocessing = 0;
		};
/* End PBXFrameworksBuildPhase section */

/* Begin PBXGroup section */
		18074E3C1FFC97220005C40D /* LCPL */ = {
			isa = PBXGroup;
			children = (
				18074E3A1FFC95F30005C40D /* LCPL.swift */,
				18074E3D1FFC975A0005C40D /* LCPLEncryption.swift */,
				18074E3F1FFCAA4E0005C40D /* LCPLLink.swift */,
			);
			path = LCPL;
			sourceTree = "<group>";
		};
		187804391FD6A5D60087AB74 /* StoreCollection */ = {
			isa = PBXGroup;
			children = (
				1878043A1FD6A68D0087AB74 /* StoreCollectionItem.swift */,
				187804441FD6AF6F0087AB74 /* StoreCollectionCategoryItem.swift */,
			);
			path = StoreCollection;
			sourceTree = "<group>";
		};
		18C06D371FE0CBC300FC211C /* StoreSearch */ = {
			isa = PBXGroup;
			children = (
				18C06D3B1FE0CCD500FC211C /* StoreSearchSuggest.swift */,
				18C06D3D1FE0CDE400FC211C /* StoreSearchKeyword.swift */,
				18C06D3F1FE0D3BB00FC211C /* StoreSearchBook.swift */,
			);
			path = StoreSearch;
			sourceTree = "<group>";
		};
		18C06D3A1FE0CC5800FC211C /* StoreDetail */ = {
			isa = PBXGroup;
			children = (
				1842E7FE1FDF6F6B00C1C671 /* StoreDetailBookData.swift */,
				1842E7F21FDE472F00C1C671 /* StoreDetailBook.swift */,
			);
			path = StoreDetail;
			sourceTree = "<group>";
		};
		18CB97101FC424F8007D5405 /* StoreModel */ = {
			isa = PBXGroup;
			children = (
				18C06D3A1FE0CC5800FC211C /* StoreDetail */,
				18C06D371FE0CBC300FC211C /* StoreSearch */,
				18CB97591FC5621F007D5405 /* StoreBaseType.swift */,
				18CB975E1FC5621F007D5405 /* StoreBaseItem.swift */,
				181C80FC1FC8200000BE280B /* StoreDataBaseBookItem.swift */,
				181C80FE1FC821FE00BE280B /* StoreDataBasePageItem.swift */,
				187804401FD6AA1D0087AB74 /* StoreBookCoverItem.swift */,
				187804421FD6AA8D0087AB74 /* StoreBookRenditionItem.swift */,
				1842E7F41FDE5AB900C1C671 /* StoreBookPrice.swift */,
				1842E7F61FDE5D8200C1C671 /* StoreBookPages.swift */,
				18CB975D1FC5621F007D5405 /* StoreDataProtocal.swift */,
				1878043C1FD6A7BB0087AB74 /* StorePagination.swift */,
				187804391FD6A5D60087AB74 /* StoreCollection */,
				18CB97581FC5621F007D5405 /* StoreBanner.swift */,
				18CB975C1FC5621F007D5405 /* StoreBannerSet.swift */,
				18CB975F1FC5621F007D5405 /* StoreDataColumn.swift */,
				18CB975B1FC5621F007D5405 /* StoreDataRow.swift */,
				18CB97571FC5621F007D5405 /* StoreFooter.swift */,
				18CB97601FC5621F007D5405 /* StoreNavCircle.swift */,
				18CB97611FC56220007D5405 /* StoreNavRectangle.swift */,
				18CB975A1FC5621F007D5405 /* StoreRank.swift */,
			);
			path = StoreModel;
			sourceTree = "<group>";
		};
		2D01B29C1E8128DD00583A7C /* helper */ = {
			isa = PBXGroup;
			children = (
				2D01B2861E80DFBA00583A7C /* ImageMeta.swift */,
				2DECC7291E78342C00FB815C /* ResourceIdentifier.swift */,
				2D01B28E1E8123B300583A7C /* ResourceIdentifierWithRole.swift */,
				2D01B28F1E8123B300583A7C /* ResourceLinks.swift */,
				2D01B2901E8123B300583A7C /* ResourceMeta.swift */,
				444803D920610E6A009B0014 /* DeviceData.swift */,
				444803DC20611ABF009B0014 /* AccountData.swift */,
				44410122206351510071BA5F /* RenditionData.swift */,
				44410125206352880071BA5F /* EpubData.swift */,
				44410128206354020071BA5F /* CountData.swift */,
				441E71952063619E00A6FC28 /* CoverData.swift */,
				4441012B2063593E0071BA5F /* ReadingAttributes.swift */,
				441E719F2064A8C600A6FC28 /* RelationshipCollection.swift */,
			);
			path = helper;
			sourceTree = "<group>";
		};
		2DECC6F61E78341900FB815C = {
			isa = PBXGroup;
			children = (
				C3972CC81F7208F9E82194F7 /* Frameworks */,
				D11BB3F9337A8951B63F6DC6 /* Pods */,
				2DECC7011E78341900FB815C /* Products */,
				2DECC7021E78341900FB815C /* Sources */,
				2DECC70D1E78341900FB815C /* Tests */,
			);
			sourceTree = "<group>";
		};
		2DECC7011E78341900FB815C /* Products */ = {
			isa = PBXGroup;
			children = (
				2DECC7001E78341900FB815C /* MooApi.framework */,
				2DECC7091E78341900FB815C /* MooApiTests.xctest */,
			);
			name = Products;
			sourceTree = "<group>";
		};
		2DECC7021E78341900FB815C /* Sources */ = {
			isa = PBXGroup;
			children = (
				5603DD35206F210800113300 /* Response */,
				444803D2206108E0009B0014 /* Extension */,
				2DECC7781E78EA3000FB815C /* core */,
				2D01B29C1E8128DD00583A7C /* helper */,
				2DECC7791E78EA4C00FB815C /* model */,
				2DECC77C1E78EBE800FB815C /* network */,
				2DECC77B1E78EA7D00FB815C /* protocol */,
				2DECC7041E78341900FB815C /* Info.plist */,
				2DECC7031E78341900FB815C /* MooApi.h */,
			);
			path = Sources;
			sourceTree = "<group>";
		};
		2DECC70D1E78341900FB815C /* Tests */ = {
			isa = PBXGroup;
			children = (
				2DECC7101E78341900FB815C /* Info.plist */,
				2DECC7551E78344300FB815C /* BookShelvesTests.swift */,
				2DECC7561E78344300FB815C /* BookTests.swift */,
				2DD0B2AC1E8281E70053B8F5 /* BookmarkTests.swift */,
				2DECC7571E78344300FB815C /* CategoryTests.swift */,
				2DD0B2A41E826B190053B8F5 /* CommentTests.swift */,
				2DECC7581E78344300FB815C /* ContributorTests.swift */,
				441E719B2063655D00A6FC28 /* DocumentTests.swift */,
				2DD0B2981E825B600053B8F5 /* HighlightTests.swift */,
				2DD0B29A1E825B720053B8F5 /* MarathonTests.swift */,
				2DD0B29B1E825B720053B8F5 /* MeTests.swift */,
				2DECC7591E78344300FB815C /* PublisherTests.swift */,
				2DD0B2A01E825E1C0053B8F5 /* ReadingLogTests.swift */,
				2DECC75A1E78344300FB815C /* ReadingTests.swift */,
				2DECC75B1E78344300FB815C /* ReviewTests.swift */,
				2DECC75C1E78344300FB815C /* SubscriptionTests.swift */,
				5603DD31206DECE300113300 /* TagTests.swift */,
				2DD0B29E1E825B7B0053B8F5 /* UserTests.swift */,
				2DECC7751E7834B900FB815C /* resources */,
			);
			path = Tests;
			sourceTree = "<group>";
		};
		2DECC7751E7834B900FB815C /* resources */ = {
			isa = PBXGroup;
			children = (
				2DECC75D1E78344300FB815C /* BookInfo.json */,
				2DECC75E1E78344300FB815C /* BookshelvesInfo.json */,
				44EBD45D2068ACEC0087642C /* BookshelvesData.json */,
				2DD0B2AA1E8281BA0053B8F5 /* BookmarkInfo.json */,
				2DECC75F1E78344300FB815C /* CategoryInfo.json */,
				2DD0B2A71E826BC80053B8F5 /* CommentInfo.json */,
				2DECC7601E78344300FB815C /* ContributorInfo.json */,
				44EBD45B2068AC7A0087642C /* DocumentInfo.json */,
				2DD0B2941E825B390053B8F5 /* HighlightInfo.json */,
				2DD0B28B1E825AEB0053B8F5 /* MarathonInfo.json */,
				2DD0B28D1E825AF30053B8F5 /* MeInfo.json */,
				2DECC7611E78344300FB815C /* PublisherInfo.json */,
				2DD0B2961E825B520053B8F5 /* RangeInfo.json */,
				2DECC7621E78344300FB815C /* ReadingInfo.json */,
				2DD0B2A21E825E330053B8F5 /* ReadingLogInfo.json */,
				2DECC7631E78344300FB815C /* ReviewInfo.json */,
				2DECC7641E78344300FB815C /* SubscriptionInfo.json */,
				5603DD2E206DECB900113300 /* TagData.json */,
				2DD0B28F1E825AFD0053B8F5 /* UserInfo.json */,
			);
			path = resources;
			sourceTree = "<group>";
		};
		2DECC7781E78EA3000FB815C /* core */ = {
			isa = PBXGroup;
			children = (
				2DECC71C1E78342C00FB815C /* ApiDocument.swift */,
				2DECC71D1E78342C00FB815C /* ApiDocumentEnvelope.swift */,
				2DECC71E1E78342C00FB815C /* ApiDocumentInclusion.swift */,
				2DECC71F1E78342C00FB815C /* ApiDocumentLinks.swift */,
				2DECC7201E78342C00FB815C /* ApiDocumentMeta.swift */,
				2DD0B2B41E8375BC0053B8F5 /* ApiDocumentErrorEnvelope.swift */,
				18CB976D1FC5835F007D5405 /* ApiDecodable.swift */,
			);
			path = core;
			sourceTree = "<group>";
		};
		2DECC7791E78EA4C00FB815C /* model */ = {
			isa = PBXGroup;
			children = (
				2DECC72B1E78342C00FB815C /* Book.swift */,
				2DECC72C1E78342C00FB815C /* Bookshelf.swift */,
				4441011F20634E3F0071BA5F /* Document.swift */,
				2DD0B2AE1E8282270053B8F5 /* Bookmark.swift */,
				2DECC72D1E78342C00FB815C /* Category.swift */,
				2D01B2881E8123B300583A7C /* Comment.swift */,
				2DECC72E1E78342C00FB815C /* Contributor.swift */,
				2DECC72F1E78342C00FB815C /* Event.swift */,
				2D01B2891E8123B300583A7C /* Highlight.swift */,
				2DECC7301E78342C00FB815C /* Marathon.swift */,
				2D01B28A1E8123B300583A7C /* Me.swift */,
				2DECC7311E78342C00FB815C /* Publisher.swift */,
				2DD0B2B11E8282E20053B8F5 /* Path.swift */,
				2DD0B2891E825AD10053B8F5 /* Range.swift */,
				2DECC7321E78342C00FB815C /* Reading.swift */,
				2DECC7331E78342C00FB815C /* ReadingLog.swift */,
				2DECC7341E78342C00FB815C /* Review.swift */,
				2DECC7351E78342C00FB815C /* Subscription.swift */,
				2D01B2841E80DBFA00583A7C /* User.swift */,
				18CB970A1FC3FF12007D5405 /* Devices.swift */,
				18074E3C1FFC97220005C40D /* LCPL */,
				18CB97101FC424F8007D5405 /* StoreModel */,
			);
			path = model;
			sourceTree = "<group>";
		};
		2DECC77B1E78EA7D00FB815C /* protocol */ = {
			isa = PBXGroup;
			children = (
				2DECC7281E78342C00FB815C /* ResourceType.swift */,
			);
			path = protocol;
			sourceTree = "<group>";
		};
		2DECC77C1E78EBE800FB815C /* network */ = {
			isa = PBXGroup;
			children = (
				2DECC7371E78342C00FB815C /* Service.swift */,
				18C9193D1FA32C2700236B77 /* ApiProtocol.swift */,
				2DECC7381E78342C00FB815C /* ServiceApi.swift */,
				18A586F21F9DC2E70086799C /* MemberApi.swift */,
				18CB970C1FC41072007D5405 /* StoreApi.swift */,
				2DECC7391E78342C00FB815C /* ServiceError.swift */,
				2D5C3B171EC1783C000F01C1 /* Authorization.swift */,
				183EFB321FAC2A1400C84CD5 /* DonwloadEpubObserver.swift */,
				183EFB311FAC2A1400C84CD5 /* DownloadEpubManager.swift */,
				183EFB331FAC2A1500C84CD5 /* DownloadEpubMission.swift */,
				183EFB341FAC2A1500C84CD5 /* DownloadEpubOperation.swift */,
				4475B83A2032A3A00046AE08 /* ApiManager.swift */,
				442EDA2820492B87008C8D76 /* ApiManager+Library.swift */,
				5603DD33206DF5CD00113300 /* ApiManager+Tag.swift */,
				444803CF2060E560009B0014 /* ApiManager+User.swift */,
				4441011C20634CAB0071BA5F /* ApiManager+Document.swift */,
			);
			path = network;
			sourceTree = "<group>";
		};
		444803D2206108E0009B0014 /* Extension */ = {
			isa = PBXGroup;
			children = (
				444803D3206108F3009B0014 /* CharacterSet+Extension.swift */,
			);
			path = Extension;
			sourceTree = "<group>";
		};
		5603DD35206F210800113300 /* Response */ = {
			isa = PBXGroup;
			children = (
				5603DD36206F212F00113300 /* TagResponse.swift */,
			);
			path = Response;
			sourceTree = "<group>";
		};
		C3972CC81F7208F9E82194F7 /* Frameworks */ = {
			isa = PBXGroup;
			children = (
				1912B8AFB0B5DB47E4381079 /* Pods_MooApi.framework */,
				E5A744F978B0521FE178C904 /* Pods_MooApiTests.framework */,
			);
			name = Frameworks;
			sourceTree = "<group>";
		};
		D11BB3F9337A8951B63F6DC6 /* Pods */ = {
			isa = PBXGroup;
			children = (
				1B902AC683F22B3462417513 /* Pods-MooApi.debug.xcconfig */,
				2FA47103586D6779DFDE92C8 /* Pods-MooApi.release.xcconfig */,
				0E33F782E0073799ADBED2B9 /* Pods-MooApiTests.debug.xcconfig */,
				110973FEE85D15DA6F97BB95 /* Pods-MooApiTests.release.xcconfig */,
			);
			name = Pods;
			sourceTree = "<group>";
		};
/* End PBXGroup section */

/* Begin PBXHeadersBuildPhase section */
		2DECC6FD1E78341900FB815C /* Headers */ = {
			isa = PBXHeadersBuildPhase;
			buildActionMask = 2147483647;
			files = (
				2DECC7111E78341900FB815C /* MooApi.h in Headers */,
			);
			runOnlyForDeploymentPostprocessing = 0;
		};
/* End PBXHeadersBuildPhase section */

/* Begin PBXNativeTarget section */
		2DECC6FF1E78341900FB815C /* MooApi */ = {
			isa = PBXNativeTarget;
			buildConfigurationList = 2DECC7141E78341900FB815C /* Build configuration list for PBXNativeTarget "MooApi" */;
			buildPhases = (
				1459A56DEF0DCF6906DF8FF6 /* [CP] Check Pods Manifest.lock */,
				2DECC6FB1E78341900FB815C /* Sources */,
				2DECC6FC1E78341900FB815C /* Frameworks */,
				2DECC6FD1E78341900FB815C /* Headers */,
				2DECC6FE1E78341900FB815C /* Resources */,
				0D17AD8E4BC43B145C4B37B2 /* [CP] Copy Pods Resources */,
			);
			buildRules = (
			);
			dependencies = (
			);
			name = MooApi;
			productName = MooApi;
			productReference = 2DECC7001E78341900FB815C /* MooApi.framework */;
			productType = "com.apple.product-type.framework";
		};
		2DECC7081E78341900FB815C /* MooApiTests */ = {
			isa = PBXNativeTarget;
			buildConfigurationList = 2DECC7171E78341900FB815C /* Build configuration list for PBXNativeTarget "MooApiTests" */;
			buildPhases = (
				65888D9628F65E51CB26F563 /* [CP] Check Pods Manifest.lock */,
				2DECC7051E78341900FB815C /* Sources */,
				2DECC7061E78341900FB815C /* Frameworks */,
				2DECC7071E78341900FB815C /* Resources */,
				D398725F9095419B146A17A9 /* [CP] Embed Pods Frameworks */,
				7EA774DF6BBBC50377EF6EE6 /* [CP] Copy Pods Resources */,
			);
			buildRules = (
			);
			dependencies = (
				2DECC70C1E78341900FB815C /* PBXTargetDependency */,
			);
			name = MooApiTests;
			productName = MooApiTests;
			productReference = 2DECC7091E78341900FB815C /* MooApiTests.xctest */;
			productType = "com.apple.product-type.bundle.unit-test";
		};
/* End PBXNativeTarget section */

/* Begin PBXProject section */
		2DECC6F71E78341900FB815C /* Project object */ = {
			isa = PBXProject;
			attributes = {
				LastSwiftUpdateCheck = 0820;
				LastUpgradeCheck = 0900;
				ORGANIZATIONNAME = ecrowdmedia.com;
				TargetAttributes = {
					2DECC6FF1E78341900FB815C = {
						CreatedOnToolsVersion = 8.2.1;
						ProvisioningStyle = Manual;
					};
					2DECC7081E78341900FB815C = {
						CreatedOnToolsVersion = 8.2.1;
						DevelopmentTeam = 4WJQ6762GH;
						ProvisioningStyle = Automatic;
					};
				};
			};
			buildConfigurationList = 2DECC6FA1E78341900FB815C /* Build configuration list for PBXProject "MooApi" */;
			compatibilityVersion = "Xcode 3.2";
			developmentRegion = English;
			hasScannedForEncodings = 0;
			knownRegions = (
				en,
			);
			mainGroup = 2DECC6F61E78341900FB815C;
			productRefGroup = 2DECC7011E78341900FB815C /* Products */;
			projectDirPath = "";
			projectRoot = "";
			targets = (
				2DECC6FF1E78341900FB815C /* MooApi */,
				2DECC7081E78341900FB815C /* MooApiTests */,
			);
		};
/* End PBXProject section */

/* Begin PBXResourcesBuildPhase section */
		2DECC6FE1E78341900FB815C /* Resources */ = {
			isa = PBXResourcesBuildPhase;
			buildActionMask = 2147483647;
			files = (
			);
			runOnlyForDeploymentPostprocessing = 0;
		};
		2DECC7071E78341900FB815C /* Resources */ = {
			isa = PBXResourcesBuildPhase;
			buildActionMask = 2147483647;
			files = (
				2DECC7721E78344300FB815C /* ReadingInfo.json in Resources */,
				2DD0B2971E825B520053B8F5 /* RangeInfo.json in Resources */,
				2DECC76D1E78344300FB815C /* BookInfo.json in Resources */,
				2DD0B2A31E825E330053B8F5 /* ReadingLogInfo.json in Resources */,
				5603DD30206DECC200113300 /* TagData.json in Resources */,
				2DECC76F1E78344300FB815C /* CategoryInfo.json in Resources */,
				2DECC7731E78344300FB815C /* ReviewInfo.json in Resources */,
				2DECC7711E78344300FB815C /* PublisherInfo.json in Resources */,
				2DD0B2911E825B060053B8F5 /* UserInfo.json in Resources */,
				2DECC76E1E78344300FB815C /* BookshelvesInfo.json in Resources */,
				44EBD45C2068AC7A0087642C /* DocumentInfo.json in Resources */,
				2DD0B2921E825B0A0053B8F5 /* MeInfo.json in Resources */,
				44EBD45E2068ACEC0087642C /* BookshelvesData.json in Resources */,
				2DECC7741E78344300FB815C /* SubscriptionInfo.json in Resources */,
				2DD0B2AB1E8281BA0053B8F5 /* BookmarkInfo.json in Resources */,
				2DD0B2931E825B0D0053B8F5 /* MarathonInfo.json in Resources */,
				2DD0B2A91E8273600053B8F5 /* CommentInfo.json in Resources */,
				2DD0B2951E825B390053B8F5 /* HighlightInfo.json in Resources */,
				2DECC7701E78344300FB815C /* ContributorInfo.json in Resources */,
			);
			runOnlyForDeploymentPostprocessing = 0;
		};
/* End PBXResourcesBuildPhase section */

/* Begin PBXShellScriptBuildPhase section */
		0D17AD8E4BC43B145C4B37B2 /* [CP] Copy Pods Resources */ = {
			isa = PBXShellScriptBuildPhase;
			buildActionMask = 2147483647;
			files = (
			);
			inputPaths = (
			);
			name = "[CP] Copy Pods Resources";
			outputPaths = (
			);
			runOnlyForDeploymentPostprocessing = 0;
			shellPath = /bin/sh;
			shellScript = "\"${SRCROOT}/Pods/Target Support Files/Pods-MooApi/Pods-MooApi-resources.sh\"\n";
			showEnvVarsInLog = 0;
		};
		1459A56DEF0DCF6906DF8FF6 /* [CP] Check Pods Manifest.lock */ = {
			isa = PBXShellScriptBuildPhase;
			buildActionMask = 2147483647;
			files = (
			);
			inputPaths = (
				"${PODS_PODFILE_DIR_PATH}/Podfile.lock",
				"${PODS_ROOT}/Manifest.lock",
			);
			name = "[CP] Check Pods Manifest.lock";
			outputPaths = (
				"$(DERIVED_FILE_DIR)/Pods-MooApi-checkManifestLockResult.txt",
			);
			runOnlyForDeploymentPostprocessing = 0;
			shellPath = /bin/sh;
			shellScript = "diff \"${PODS_PODFILE_DIR_PATH}/Podfile.lock\" \"${PODS_ROOT}/Manifest.lock\" > /dev/null\nif [ $? != 0 ] ; then\n    # print error to STDERR\n    echo \"error: The sandbox is not in sync with the Podfile.lock. Run 'pod install' or update your CocoaPods installation.\" >&2\n    exit 1\nfi\n# This output is used by Xcode 'outputs' to avoid re-running this script phase.\necho \"SUCCESS\" > \"${SCRIPT_OUTPUT_FILE_0}\"\n";
			showEnvVarsInLog = 0;
		};
		65888D9628F65E51CB26F563 /* [CP] Check Pods Manifest.lock */ = {
			isa = PBXShellScriptBuildPhase;
			buildActionMask = 2147483647;
			files = (
			);
			inputPaths = (
				"${PODS_PODFILE_DIR_PATH}/Podfile.lock",
				"${PODS_ROOT}/Manifest.lock",
			);
			name = "[CP] Check Pods Manifest.lock";
			outputPaths = (
				"$(DERIVED_FILE_DIR)/Pods-MooApiTests-checkManifestLockResult.txt",
			);
			runOnlyForDeploymentPostprocessing = 0;
			shellPath = /bin/sh;
			shellScript = "diff \"${PODS_PODFILE_DIR_PATH}/Podfile.lock\" \"${PODS_ROOT}/Manifest.lock\" > /dev/null\nif [ $? != 0 ] ; then\n    # print error to STDERR\n    echo \"error: The sandbox is not in sync with the Podfile.lock. Run 'pod install' or update your CocoaPods installation.\" >&2\n    exit 1\nfi\n# This output is used by Xcode 'outputs' to avoid re-running this script phase.\necho \"SUCCESS\" > \"${SCRIPT_OUTPUT_FILE_0}\"\n";
			showEnvVarsInLog = 0;
		};
		7EA774DF6BBBC50377EF6EE6 /* [CP] Copy Pods Resources */ = {
			isa = PBXShellScriptBuildPhase;
			buildActionMask = 2147483647;
			files = (
			);
			inputPaths = (
			);
			name = "[CP] Copy Pods Resources";
			outputPaths = (
			);
			runOnlyForDeploymentPostprocessing = 0;
			shellPath = /bin/sh;
			shellScript = "\"${SRCROOT}/Pods/Target Support Files/Pods-MooApiTests/Pods-MooApiTests-resources.sh\"\n";
			showEnvVarsInLog = 0;
		};
		D398725F9095419B146A17A9 /* [CP] Embed Pods Frameworks */ = {
			isa = PBXShellScriptBuildPhase;
			buildActionMask = 2147483647;
			files = (
			);
			inputPaths = (
				"${SRCROOT}/Pods/Target Support Files/Pods-MooApiTests/Pods-MooApiTests-frameworks.sh",
				"${BUILT_PRODUCTS_DIR}/Argo/Argo.framework",
				"${BUILT_PRODUCTS_DIR}/Curry/Curry.framework",
				"${BUILT_PRODUCTS_DIR}/Result/Result.framework",
				"${BUILT_PRODUCTS_DIR}/Runes/Runes.framework",
			);
			name = "[CP] Embed Pods Frameworks";
			outputPaths = (
				"${TARGET_BUILD_DIR}/${FRAMEWORKS_FOLDER_PATH}/Argo.framework",
				"${TARGET_BUILD_DIR}/${FRAMEWORKS_FOLDER_PATH}/Curry.framework",
				"${TARGET_BUILD_DIR}/${FRAMEWORKS_FOLDER_PATH}/Result.framework",
				"${TARGET_BUILD_DIR}/${FRAMEWORKS_FOLDER_PATH}/Runes.framework",
			);
			runOnlyForDeploymentPostprocessing = 0;
			shellPath = /bin/sh;
			shellScript = "\"${SRCROOT}/Pods/Target Support Files/Pods-MooApiTests/Pods-MooApiTests-frameworks.sh\"\n";
			showEnvVarsInLog = 0;
		};
/* End PBXShellScriptBuildPhase section */

/* Begin PBXSourcesBuildPhase section */
		2DECC6FB1E78341900FB815C /* Sources */ = {
			isa = PBXSourcesBuildPhase;
			buildActionMask = 2147483647;
			files = (
				18CB970D1FC41072007D5405 /* StoreApi.swift in Sources */,
				18CB97641FC56220007D5405 /* StoreBaseType.swift in Sources */,
				181C80FD1FC8200000BE280B /* StoreDataBaseBookItem.swift in Sources */,
				2DECC7521E78342C00FB815C /* Service.swift in Sources */,
				442EDA2920492B87008C8D76 /* ApiManager+Library.swift in Sources */,
				183EFB371FAC2A1500C84CD5 /* DownloadEpubMission.swift in Sources */,
				1842E7F31FDE472F00C1C671 /* StoreDetailBook.swift in Sources */,
				2DECC73C1E78342C00FB815C /* ApiDocumentInclusion.swift in Sources */,
				18CB97691FC56220007D5405 /* StoreBaseItem.swift in Sources */,
				18CB976B1FC56220007D5405 /* StoreNavCircle.swift in Sources */,
				2DECC7501E78342C00FB815C /* Subscription.swift in Sources */,
				1878043B1FD6A68D0087AB74 /* StoreCollectionItem.swift in Sources */,
				183EFB381FAC2A1500C84CD5 /* DownloadEpubOperation.swift in Sources */,
				18C06D3C1FE0CCD500FC211C /* StoreSearchSuggest.swift in Sources */,
				2DD0B2B01E8282C20053B8F5 /* Bookmark.swift in Sources */,
				2D01B2871E80DFBA00583A7C /* ImageMeta.swift in Sources */,
				44410126206352880071BA5F /* EpubData.swift in Sources */,
				2DECC7451E78342C00FB815C /* ResourceIdentifier.swift in Sources */,
				2D01B29A1E8123B300583A7C /* ResourceMeta.swift in Sources */,
				4475B83B2032A3A00046AE08 /* ApiManager.swift in Sources */,
				4441011D20634CAB0071BA5F /* ApiManager+Document.swift in Sources */,
				18CB976A1FC56220007D5405 /* StoreDataColumn.swift in Sources */,
				4441012C2063593E0071BA5F /* ReadingAttributes.swift in Sources */,
				18CB976E1FC5835F007D5405 /* ApiDecodable.swift in Sources */,
				2DECC74B1E78342C00FB815C /* Marathon.swift in Sources */,
				4441012020634E3F0071BA5F /* Document.swift in Sources */,
				18CB970B1FC3FF12007D5405 /* Devices.swift in Sources */,
				18CB97651FC56220007D5405 /* StoreRank.swift in Sources */,
				2DECC7491E78342C00FB815C /* Contributor.swift in Sources */,
				2DECC74E1E78342C00FB815C /* ReadingLog.swift in Sources */,
				18CB97681FC56220007D5405 /* StoreDataProtocal.swift in Sources */,
				2DECC74A1E78342C00FB815C /* Event.swift in Sources */,
				18CB97621FC56220007D5405 /* StoreFooter.swift in Sources */,
				18C06D401FE0D3BB00FC211C /* StoreSearchBook.swift in Sources */,
				18A586F31F9DC2E70086799C /* MemberApi.swift in Sources */,
				183EFB351FAC2A1500C84CD5 /* DownloadEpubManager.swift in Sources */,
				2D01B2921E8123B300583A7C /* Comment.swift in Sources */,
				2DECC7471E78342C00FB815C /* Bookshelf.swift in Sources */,
				441E71962063619E00A6FC28 /* CoverData.swift in Sources */,
				2D01B2981E8123B300583A7C /* ResourceIdentifierWithRole.swift in Sources */,
				2DECC7541E78342C00FB815C /* ServiceError.swift in Sources */,
				2DECC73A1E78342C00FB815C /* ApiDocument.swift in Sources */,
				187804411FD6AA1D0087AB74 /* StoreBookCoverItem.swift in Sources */,
				2DECC73E1E78342C00FB815C /* ApiDocumentMeta.swift in Sources */,
				5603DD34206DF5CD00113300 /* ApiManager+Tag.swift in Sources */,
				187804431FD6AA8D0087AB74 /* StoreBookRenditionItem.swift in Sources */,
				2DD0B28A1E825AD10053B8F5 /* Range.swift in Sources */,
				2D5C3B181EC1783C000F01C1 /* Authorization.swift in Sources */,
				2DECC73B1E78342C00FB815C /* ApiDocumentEnvelope.swift in Sources */,
				2DECC7531E78342C00FB815C /* ServiceApi.swift in Sources */,
				44410129206354020071BA5F /* CountData.swift in Sources */,
				1842E7F71FDE5D8200C1C671 /* StoreBookPages.swift in Sources */,
				181C80FF1FC821FE00BE280B /* StoreDataBasePageItem.swift in Sources */,
				18CB97631FC56220007D5405 /* StoreBanner.swift in Sources */,
				5603DD37206F212F00113300 /* TagResponse.swift in Sources */,
				444803D4206108F3009B0014 /* CharacterSet+Extension.swift in Sources */,
				18074E401FFCAA4E0005C40D /* LCPLLink.swift in Sources */,
				2DECC7481E78342C00FB815C /* Category.swift in Sources */,
				44410123206351510071BA5F /* RenditionData.swift in Sources */,
				18074E3E1FFC975A0005C40D /* LCPLEncryption.swift in Sources */,
				444803D02060E560009B0014 /* ApiManager+User.swift in Sources */,
				441E71A02064A8C600A6FC28 /* RelationshipCollection.swift in Sources */,
				2DECC7441E78342C00FB815C /* ResourceType.swift in Sources */,
				2D01B2991E8123B300583A7C /* ResourceLinks.swift in Sources */,
				18CB976C1FC56220007D5405 /* StoreNavRectangle.swift in Sources */,
				2DECC74F1E78342C00FB815C /* Review.swift in Sources */,
				2DD0B2B51E8375BC0053B8F5 /* ApiDocumentErrorEnvelope.swift in Sources */,
				2D01B2941E8123B300583A7C /* Me.swift in Sources */,
				2DECC74C1E78342C00FB815C /* Publisher.swift in Sources */,
				2DECC7461E78342C00FB815C /* Book.swift in Sources */,
				1842E7FF1FDF6F6B00C1C671 /* StoreDetailBookData.swift in Sources */,
				183EFB361FAC2A1500C84CD5 /* DonwloadEpubObserver.swift in Sources */,
				1878043D1FD6A7BB0087AB74 /* StorePagination.swift in Sources */,
				18CB97671FC56220007D5405 /* StoreBannerSet.swift in Sources */,
				2D01B2931E8123B300583A7C /* Highlight.swift in Sources */,
				18C06D3E1FE0CDE400FC211C /* StoreSearchKeyword.swift in Sources */,
				18C9193E1FA32C2700236B77 /* ApiProtocol.swift in Sources */,
				18074E3B1FFC95F30005C40D /* LCPL.swift in Sources */,
				2DECC74D1E78342C00FB815C /* Reading.swift in Sources */,
				1842E7F51FDE5AB900C1C671 /* StoreBookPrice.swift in Sources */,
				444803DD20611ABF009B0014 /* AccountData.swift in Sources */,
				18CB97661FC56220007D5405 /* StoreDataRow.swift in Sources */,
				2DECC73D1E78342C00FB815C /* ApiDocumentLinks.swift in Sources */,
				2DD0B2B21E8282E20053B8F5 /* Path.swift in Sources */,
				444803DA20610E6A009B0014 /* DeviceData.swift in Sources */,
				187804451FD6AF6F0087AB74 /* StoreCollectionCategoryItem.swift in Sources */,
				2D01B2851E80DBFA00583A7C /* User.swift in Sources */,
			);
			runOnlyForDeploymentPostprocessing = 0;
		};
		2DECC7051E78341900FB815C /* Sources */ = {
			isa = PBXSourcesBuildPhase;
			buildActionMask = 2147483647;
			files = (
				2DD0B29F1E825B7B0053B8F5 /* UserTests.swift in Sources */,
				2DD0B2991E825B600053B8F5 /* HighlightTests.swift in Sources */,
				2DD0B29C1E825B720053B8F5 /* MarathonTests.swift in Sources */,
				2DECC76C1E78344300FB815C /* SubscriptionTests.swift in Sources */,
				2DECC76B1E78344300FB815C /* ReviewTests.swift in Sources */,
				2DECC7651E78344300FB815C /* BookShelvesTests.swift in Sources */,
				2DECC7691E78344300FB815C /* PublisherTests.swift in Sources */,
				444803D5206108F3009B0014 /* CharacterSet+Extension.swift in Sources */,
				2DD0B29D1E825B720053B8F5 /* MeTests.swift in Sources */,
				441E719C2063655D00A6FC28 /* DocumentTests.swift in Sources */,
				5603DD32206DECE300113300 /* TagTests.swift in Sources */,
				2DECC7661E78344300FB815C /* BookTests.swift in Sources */,
				2DECC7681E78344300FB815C /* ContributorTests.swift in Sources */,
				2DD0B2AD1E8281E70053B8F5 /* BookmarkTests.swift in Sources */,
				2DD0B2A11E825E1C0053B8F5 /* ReadingLogTests.swift in Sources */,
				2DECC76A1E78344300FB815C /* ReadingTests.swift in Sources */,
				2DECC7671E78344300FB815C /* CategoryTests.swift in Sources */,
				2DD0B2A61E826B5C0053B8F5 /* CommentTests.swift in Sources */,
			);
			runOnlyForDeploymentPostprocessing = 0;
		};
/* End PBXSourcesBuildPhase section */

/* Begin PBXTargetDependency section */
		2DECC70C1E78341900FB815C /* PBXTargetDependency */ = {
			isa = PBXTargetDependency;
			target = 2DECC6FF1E78341900FB815C /* MooApi */;
			targetProxy = 2DECC70B1E78341900FB815C /* PBXContainerItemProxy */;
		};
/* End PBXTargetDependency section */

/* Begin XCBuildConfiguration section */
		2DECC7121E78341900FB815C /* Debug */ = {
			isa = XCBuildConfiguration;
			buildSettings = {
				ALWAYS_SEARCH_USER_PATHS = NO;
				CLANG_ANALYZER_NONNULL = YES;
				CLANG_CXX_LANGUAGE_STANDARD = "gnu++0x";
				CLANG_CXX_LIBRARY = "libc++";
				CLANG_ENABLE_MODULES = YES;
				CLANG_ENABLE_OBJC_ARC = YES;
				CLANG_WARN_BLOCK_CAPTURE_AUTORELEASING = YES;
				CLANG_WARN_BOOL_CONVERSION = YES;
				CLANG_WARN_COMMA = YES;
				CLANG_WARN_CONSTANT_CONVERSION = YES;
				CLANG_WARN_DIRECT_OBJC_ISA_USAGE = YES_ERROR;
				CLANG_WARN_DOCUMENTATION_COMMENTS = YES;
				CLANG_WARN_EMPTY_BODY = YES;
				CLANG_WARN_ENUM_CONVERSION = YES;
				CLANG_WARN_INFINITE_RECURSION = YES;
				CLANG_WARN_INT_CONVERSION = YES;
				CLANG_WARN_NON_LITERAL_NULL_CONVERSION = YES;
				CLANG_WARN_OBJC_LITERAL_CONVERSION = YES;
				CLANG_WARN_OBJC_ROOT_CLASS = YES_ERROR;
				CLANG_WARN_RANGE_LOOP_ANALYSIS = YES;
				CLANG_WARN_STRICT_PROTOTYPES = YES;
				CLANG_WARN_SUSPICIOUS_MOVE = YES;
				CLANG_WARN_UNREACHABLE_CODE = YES;
				CLANG_WARN__DUPLICATE_METHOD_MATCH = YES;
				"CODE_SIGN_IDENTITY[sdk=iphoneos*]" = "iPhone Developer";
				COPY_PHASE_STRIP = NO;
				CURRENT_PROJECT_VERSION = 1;
				DEBUG_INFORMATION_FORMAT = dwarf;
				ENABLE_STRICT_OBJC_MSGSEND = YES;
				ENABLE_TESTABILITY = YES;
				GCC_C_LANGUAGE_STANDARD = gnu99;
				GCC_DYNAMIC_NO_PIC = NO;
				GCC_NO_COMMON_BLOCKS = YES;
				GCC_OPTIMIZATION_LEVEL = 0;
				GCC_PREPROCESSOR_DEFINITIONS = (
					"DEBUG=1",
					"$(inherited)",
				);
				GCC_WARN_64_TO_32_BIT_CONVERSION = YES;
				GCC_WARN_ABOUT_RETURN_TYPE = YES_ERROR;
				GCC_WARN_UNDECLARED_SELECTOR = YES;
				GCC_WARN_UNINITIALIZED_AUTOS = YES_AGGRESSIVE;
				GCC_WARN_UNUSED_FUNCTION = YES;
				GCC_WARN_UNUSED_VARIABLE = YES;
				IPHONEOS_DEPLOYMENT_TARGET = 10.2;
				MTL_ENABLE_DEBUG_INFO = YES;
				ONLY_ACTIVE_ARCH = YES;
				SDKROOT = iphoneos;
				SWIFT_ACTIVE_COMPILATION_CONDITIONS = DEBUG;
				SWIFT_OPTIMIZATION_LEVEL = "-Onone";
				TARGETED_DEVICE_FAMILY = "1,2";
				VERSIONING_SYSTEM = "apple-generic";
				VERSION_INFO_PREFIX = "";
			};
			name = Debug;
		};
		2DECC7131E78341900FB815C /* Release */ = {
			isa = XCBuildConfiguration;
			buildSettings = {
				ALWAYS_SEARCH_USER_PATHS = NO;
				CLANG_ANALYZER_NONNULL = YES;
				CLANG_CXX_LANGUAGE_STANDARD = "gnu++0x";
				CLANG_CXX_LIBRARY = "libc++";
				CLANG_ENABLE_MODULES = YES;
				CLANG_ENABLE_OBJC_ARC = YES;
				CLANG_WARN_BLOCK_CAPTURE_AUTORELEASING = YES;
				CLANG_WARN_BOOL_CONVERSION = YES;
				CLANG_WARN_COMMA = YES;
				CLANG_WARN_CONSTANT_CONVERSION = YES;
				CLANG_WARN_DIRECT_OBJC_ISA_USAGE = YES_ERROR;
				CLANG_WARN_DOCUMENTATION_COMMENTS = YES;
				CLANG_WARN_EMPTY_BODY = YES;
				CLANG_WARN_ENUM_CONVERSION = YES;
				CLANG_WARN_INFINITE_RECURSION = YES;
				CLANG_WARN_INT_CONVERSION = YES;
				CLANG_WARN_NON_LITERAL_NULL_CONVERSION = YES;
				CLANG_WARN_OBJC_LITERAL_CONVERSION = YES;
				CLANG_WARN_OBJC_ROOT_CLASS = YES_ERROR;
				CLANG_WARN_RANGE_LOOP_ANALYSIS = YES;
				CLANG_WARN_STRICT_PROTOTYPES = YES;
				CLANG_WARN_SUSPICIOUS_MOVE = YES;
				CLANG_WARN_UNREACHABLE_CODE = YES;
				CLANG_WARN__DUPLICATE_METHOD_MATCH = YES;
				"CODE_SIGN_IDENTITY[sdk=iphoneos*]" = "iPhone Developer";
				COPY_PHASE_STRIP = NO;
				CURRENT_PROJECT_VERSION = 1;
				DEBUG_INFORMATION_FORMAT = "dwarf-with-dsym";
				ENABLE_NS_ASSERTIONS = NO;
				ENABLE_STRICT_OBJC_MSGSEND = YES;
				GCC_C_LANGUAGE_STANDARD = gnu99;
				GCC_NO_COMMON_BLOCKS = YES;
				GCC_WARN_64_TO_32_BIT_CONVERSION = YES;
				GCC_WARN_ABOUT_RETURN_TYPE = YES_ERROR;
				GCC_WARN_UNDECLARED_SELECTOR = YES;
				GCC_WARN_UNINITIALIZED_AUTOS = YES_AGGRESSIVE;
				GCC_WARN_UNUSED_FUNCTION = YES;
				GCC_WARN_UNUSED_VARIABLE = YES;
				IPHONEOS_DEPLOYMENT_TARGET = 10.2;
				MTL_ENABLE_DEBUG_INFO = NO;
				SDKROOT = iphoneos;
				SWIFT_OPTIMIZATION_LEVEL = "-Owholemodule";
				TARGETED_DEVICE_FAMILY = "1,2";
				VALIDATE_PRODUCT = YES;
				VERSIONING_SYSTEM = "apple-generic";
				VERSION_INFO_PREFIX = "";
			};
			name = Release;
		};
		2DECC7151E78341900FB815C /* Debug */ = {
			isa = XCBuildConfiguration;
			baseConfigurationReference = 1B902AC683F22B3462417513 /* Pods-MooApi.debug.xcconfig */;
			buildSettings = {
				CODE_SIGN_IDENTITY = "";
				DEFINES_MODULE = YES;
				DEVELOPMENT_TEAM = "";
				DYLIB_COMPATIBILITY_VERSION = 1;
				DYLIB_CURRENT_VERSION = 1;
				DYLIB_INSTALL_NAME_BASE = "@rpath";
				INFOPLIST_FILE = Sources/Info.plist;
				INSTALL_PATH = "$(LOCAL_LIBRARY_DIR)/Frameworks";
				IPHONEOS_DEPLOYMENT_TARGET = 9.0;
				LD_RUNPATH_SEARCH_PATHS = "$(inherited) @executable_path/Frameworks @loader_path/Frameworks";
				PRODUCT_BUNDLE_IDENTIFIER = com.ecrowdmedia.MooApi;
				PRODUCT_NAME = "$(TARGET_NAME)";
				SKIP_INSTALL = YES;
				SWIFT_VERSION = 4.0;
			};
			name = Debug;
		};
		2DECC7161E78341900FB815C /* Release */ = {
			isa = XCBuildConfiguration;
			baseConfigurationReference = 2FA47103586D6779DFDE92C8 /* Pods-MooApi.release.xcconfig */;
			buildSettings = {
				CODE_SIGN_IDENTITY = "";
				DEFINES_MODULE = YES;
				DEVELOPMENT_TEAM = "";
				DYLIB_COMPATIBILITY_VERSION = 1;
				DYLIB_CURRENT_VERSION = 1;
				DYLIB_INSTALL_NAME_BASE = "@rpath";
				INFOPLIST_FILE = Sources/Info.plist;
				INSTALL_PATH = "$(LOCAL_LIBRARY_DIR)/Frameworks";
				IPHONEOS_DEPLOYMENT_TARGET = 9.0;
				LD_RUNPATH_SEARCH_PATHS = "$(inherited) @executable_path/Frameworks @loader_path/Frameworks";
				PRODUCT_BUNDLE_IDENTIFIER = com.ecrowdmedia.MooApi;
				PRODUCT_NAME = "$(TARGET_NAME)";
				SKIP_INSTALL = YES;
				SWIFT_VERSION = 4.0;
			};
			name = Release;
		};
		2DECC7181E78341900FB815C /* Debug */ = {
			isa = XCBuildConfiguration;
			baseConfigurationReference = 0E33F782E0073799ADBED2B9 /* Pods-MooApiTests.debug.xcconfig */;
			buildSettings = {
				ALWAYS_EMBED_SWIFT_STANDARD_LIBRARIES = YES;
				DEVELOPMENT_TEAM = 4WJQ6762GH;
				INFOPLIST_FILE = Tests/Info.plist;
				LD_RUNPATH_SEARCH_PATHS = "$(inherited) @executable_path/Frameworks @loader_path/Frameworks";
				PRODUCT_BUNDLE_IDENTIFIER = com.ecrowdmedia.MooApiTests;
				PRODUCT_NAME = "$(TARGET_NAME)";
				SWIFT_VERSION = 4.0;
			};
			name = Debug;
		};
		2DECC7191E78341900FB815C /* Release */ = {
			isa = XCBuildConfiguration;
			baseConfigurationReference = 110973FEE85D15DA6F97BB95 /* Pods-MooApiTests.release.xcconfig */;
			buildSettings = {
				ALWAYS_EMBED_SWIFT_STANDARD_LIBRARIES = YES;
				DEVELOPMENT_TEAM = 4WJQ6762GH;
				INFOPLIST_FILE = Tests/Info.plist;
				LD_RUNPATH_SEARCH_PATHS = "$(inherited) @executable_path/Frameworks @loader_path/Frameworks";
				PRODUCT_BUNDLE_IDENTIFIER = com.ecrowdmedia.MooApiTests;
				PRODUCT_NAME = "$(TARGET_NAME)";
				SWIFT_VERSION = 4.0;
			};
			name = Release;
		};
/* End XCBuildConfiguration section */

/* Begin XCConfigurationList section */
		2DECC6FA1E78341900FB815C /* Build configuration list for PBXProject "MooApi" */ = {
			isa = XCConfigurationList;
			buildConfigurations = (
				2DECC7121E78341900FB815C /* Debug */,
				2DECC7131E78341900FB815C /* Release */,
			);
			defaultConfigurationIsVisible = 0;
			defaultConfigurationName = Release;
		};
		2DECC7141E78341900FB815C /* Build configuration list for PBXNativeTarget "MooApi" */ = {
			isa = XCConfigurationList;
			buildConfigurations = (
				2DECC7151E78341900FB815C /* Debug */,
				2DECC7161E78341900FB815C /* Release */,
			);
			defaultConfigurationIsVisible = 0;
			defaultConfigurationName = Release;
		};
		2DECC7171E78341900FB815C /* Build configuration list for PBXNativeTarget "MooApiTests" */ = {
			isa = XCConfigurationList;
			buildConfigurations = (
				2DECC7181E78341900FB815C /* Debug */,
				2DECC7191E78341900FB815C /* Release */,
			);
			defaultConfigurationIsVisible = 0;
			defaultConfigurationName = Release;
		};
/* End XCConfigurationList section */
	};
	rootObject = 2DECC6F71E78341900FB815C /* Project object */;
}
